// !$*UTF8*$!
{
	archiveVersion = 1;
	classes = {
	};
	objectVersion = 46;
	objects = {

/* Begin PBXBuildFile section */
		1D3623260D0F684500981E51 /* TinCanAppDelegate.m in Sources */ = {isa = PBXBuildFile; fileRef = 1D3623250D0F684500981E51 /* TinCanAppDelegate.m */; };
		1D60589B0D05DD56006BFB54 /* main.m in Sources */ = {isa = PBXBuildFile; fileRef = 29B97316FDCFA39411CA2CEA /* main.m */; };
		1D60589F0D05DD5A006BFB54 /* Foundation.framework in Frameworks */ = {isa = PBXBuildFile; fileRef = 1D30AB110D05D00D00671497 /* Foundation.framework */; };
		1DF5F4E00D08C38300B7A737 /* UIKit.framework in Frameworks */ = {isa = PBXBuildFile; fileRef = 1DF5F4DF0D08C38300B7A737 /* UIKit.framework */; };
		288765A50DF7441C002DB57D /* CoreGraphics.framework in Frameworks */ = {isa = PBXBuildFile; fileRef = 288765A40DF7441C002DB57D /* CoreGraphics.framework */; };
		2899E5220DE3E06400AC0155 /* TinCanViewController.xib in Resources */ = {isa = PBXBuildFile; fileRef = 2899E5210DE3E06400AC0155 /* TinCanViewController.xib */; };
		28AD733F0D9D9553002E5188 /* MainWindow.xib in Resources */ = {isa = PBXBuildFile; fileRef = 28AD733E0D9D9553002E5188 /* MainWindow.xib */; };
		3A2A6A3C11EE5ED300FF373C /* SynchronizedObject.m in Sources */ = {isa = PBXBuildFile; fileRef = 3A2A6A3B11EE5ED300FF373C /* SynchronizedObject.m */; };
		3A2A6A3F11EE696000FF373C /* StateManager.m in Sources */ = {isa = PBXBuildFile; fileRef = 3A2A6A3E11EE696000FF373C /* StateManager.m */; };
		3A2A6A5A11EE73F800FF373C /* User.m in Sources */ = {isa = PBXBuildFile; fileRef = 3A2A6A5911EE73F800FF373C /* User.m */; };
		3A2A6A5D11EE74A500FF373C /* Actor.m in Sources */ = {isa = PBXBuildFile; fileRef = 3A2A6A5C11EE74A500FF373C /* Actor.m */; };
		3A2A6AAC11EF65C400FF373C /* Location.m in Sources */ = {isa = PBXBuildFile; fileRef = 3A2A6AAB11EF65C400FF373C /* Location.m */; };
		3A2A6AC811EFDAF500FF373C /* Meeting.m in Sources */ = {isa = PBXBuildFile; fileRef = 3A2A6AC711EFDAF500FF373C /* Meeting.m */; };
		3A2A6ACB11EFDB0E00FF373C /* Room.m in Sources */ = {isa = PBXBuildFile; fileRef = 3A2A6ACA11EFDB0E00FF373C /* Room.m */; };
		3A2A6BF011F0B5FD00FF373C /* greyButton-1.png in Resources */ = {isa = PBXBuildFile; fileRef = 3A2A6BEE11F0B5FD00FF373C /* greyButton-1.png */; };
		3A2A6BF111F0B5FD00FF373C /* rightarrow.png in Resources */ = {isa = PBXBuildFile; fileRef = 3A2A6BEF11F0B5FD00FF373C /* rightarrow.png */; };
		3A2A6C7C11F0D86500FF373C /* ConnectionManager.m in Sources */ = {isa = PBXBuildFile; fileRef = 3A2A6C7B11F0D86500FF373C /* ConnectionManager.m */; };
		3A2A6C9811F0F68300FF373C /* Event.m in Sources */ = {isa = PBXBuildFile; fileRef = 3A2A6C9711F0F68300FF373C /* Event.m */; };
		3A57217F11EB7515004C2687 /* MeetingViewController.m in Sources */ = {isa = PBXBuildFile; fileRef = 3A57217E11EB7515004C2687 /* MeetingViewController.m */; };
		3A57237811EBDE0B004C2687 /* TinCanViewController.m in Sources */ = {isa = PBXBuildFile; fileRef = 3A57237711EBDE0B004C2687 /* TinCanViewController.m */; };
		3AA06B7411A9C1DA00C3D279 /* DragManager.m in Sources */ = {isa = PBXBuildFile; fileRef = 3AA06B7311A9C1DA00C3D279 /* DragManager.m */; };
		3AA06D1411AAD1C500C3D279 /* Icon.png in Resources */ = {isa = PBXBuildFile; fileRef = 3AA06D1311AAD1C500C3D279 /* Icon.png */; };
		3AB0BC3811A5D73C003A91EB /* MeetingTimerView.m in Sources */ = {isa = PBXBuildFile; fileRef = 3AB0BC3711A5D73C003A91EB /* MeetingTimerView.m */; };
		3AC2B9191198715A0071F912 /* ParticipantView.m in Sources */ = {isa = PBXBuildFile; fileRef = 3AC2B9181198715A0071F912 /* ParticipantView.m */; };
		3AC2B91C119871670071F912 /* Todo.m in Sources */ = {isa = PBXBuildFile; fileRef = 3AC2B91B119871670071F912 /* Todo.m */; };
		3AC2B9D41198BB120071F912 /* UIColor+Util.m in Sources */ = {isa = PBXBuildFile; fileRef = 3AC2B9D31198BB120071F912 /* UIColor+Util.m */; };
		3AC2BAA01199D89C0071F912 /* TodoItemView.m in Sources */ = {isa = PBXBuildFile; fileRef = 3AC2BA9F1199D89C0071F912 /* TodoItemView.m */; };
		3AC2BD8911A33DDE0071F912 /* NSObject+SBJSON.m in Sources */ = {isa = PBXBuildFile; fileRef = 3AC2BD7E11A33DDE0071F912 /* NSObject+SBJSON.m */; };
		3AC2BD8A11A33DDE0071F912 /* NSString+SBJSON.m in Sources */ = {isa = PBXBuildFile; fileRef = 3AC2BD8011A33DDE0071F912 /* NSString+SBJSON.m */; };
		3AC2BD8B11A33DDE0071F912 /* SBJSON.m in Sources */ = {isa = PBXBuildFile; fileRef = 3AC2BD8211A33DDE0071F912 /* SBJSON.m */; };
		3AC2BD8C11A33DDE0071F912 /* SBJsonBase.m in Sources */ = {isa = PBXBuildFile; fileRef = 3AC2BD8411A33DDE0071F912 /* SBJsonBase.m */; };
		3AC2BD8D11A33DDE0071F912 /* SBJsonParser.m in Sources */ = {isa = PBXBuildFile; fileRef = 3AC2BD8611A33DDE0071F912 /* SBJsonParser.m */; };
		3AC2BD8E11A33DDE0071F912 /* SBJsonWriter.m in Sources */ = {isa = PBXBuildFile; fileRef = 3AC2BD8811A33DDE0071F912 /* SBJsonWriter.m */; };
		3AC2BD9411A340080071F912 /* TodoUpdateOperation.m in Sources */ = {isa = PBXBuildFile; fileRef = 3AC2BD9311A340080071F912 /* TodoUpdateOperation.m */; };
		3AC2BF0511A490720071F912 /* Participant.m in Sources */ = {isa = PBXBuildFile; fileRef = 3AC2BF0411A490720071F912 /* Participant.m */; };
		3AC2C21411A5B62C0071F912 /* ASIAuthenticationDialog.m in Sources */ = {isa = PBXBuildFile; fileRef = 3AC2C20611A5B62C0071F912 /* ASIAuthenticationDialog.m */; };
		3AC2C21511A5B62C0071F912 /* ASIFormDataRequest.m in Sources */ = {isa = PBXBuildFile; fileRef = 3AC2C20811A5B62C0071F912 /* ASIFormDataRequest.m */; };
		3AC2C21611A5B62C0071F912 /* ASIHTTPRequest.m in Sources */ = {isa = PBXBuildFile; fileRef = 3AC2C20A11A5B62C0071F912 /* ASIHTTPRequest.m */; };
		3AC2C21711A5B62C0071F912 /* ASIInputStream.m in Sources */ = {isa = PBXBuildFile; fileRef = 3AC2C20E11A5B62C0071F912 /* ASIInputStream.m */; };
		3AC2C21811A5B62C0071F912 /* ASINetworkQueue.m in Sources */ = {isa = PBXBuildFile; fileRef = 3AC2C21011A5B62C0071F912 /* ASINetworkQueue.m */; };
		3AC2C21911A5B62C0071F912 /* ASINSStringAdditions.m in Sources */ = {isa = PBXBuildFile; fileRef = 3AC2C21211A5B62C0071F912 /* ASINSStringAdditions.m */; };
		3AC2C22311A5B72A0071F912 /* SystemConfiguration.framework in Frameworks */ = {isa = PBXBuildFile; fileRef = 3AC2C22211A5B72A0071F912 /* SystemConfiguration.framework */; };
		3AC2C22711A5B73D0071F912 /* MobileCoreServices.framework in Frameworks */ = {isa = PBXBuildFile; fileRef = 3AC2C22611A5B73D0071F912 /* MobileCoreServices.framework */; };
		3AC2C22B11A5B7520071F912 /* libz.1.2.3.dylib in Frameworks */ = {isa = PBXBuildFile; fileRef = 3AC2C22A11A5B7520071F912 /* libz.1.2.3.dylib */; };
		3AC2C23911A5B9890071F912 /* Reachability.m in Sources */ = {isa = PBXBuildFile; fileRef = 3AC2C23811A5B9890071F912 /* Reachability.m */; };
		3AC2C25A11A5BA500071F912 /* CFNetwork.framework in Frameworks */ = {isa = PBXBuildFile; fileRef = 3AC2C25911A5BA500071F912 /* CFNetwork.framework */; };
		3AC6BB5A1200D4610002FD52 /* Topic.m in Sources */ = {isa = PBXBuildFile; fileRef = 3AC6BB591200D4610002FD52 /* Topic.m */; };
		3AC6BB5F1200D6050002FD52 /* BaseMeetingObject.m in Sources */ = {isa = PBXBuildFile; fileRef = 3AC6BB5E1200D6050002FD52 /* BaseMeetingObject.m */; };
		3AC6BB7C1200F0280002FD52 /* Task.m in Sources */ = {isa = PBXBuildFile; fileRef = 3AC6BB7B1200F0280002FD52 /* Task.m */; };
		3AD66C4D120B0CBE00F974DA /* UserView.m in Sources */ = {isa = PBXBuildFile; fileRef = 3AD66C4C120B0CBE00F974DA /* UserView.m */; };
		3AD66E5B120B80C000F974DA /* UserRenderView.m in Sources */ = {isa = PBXBuildFile; fileRef = 3AD66E5A120B80C000F974DA /* UserRenderView.m */; };
		3AD674461214A56900F974DA /* UserContainer.m in Sources */ = {isa = PBXBuildFile; fileRef = 3AD674451214A56900F974DA /* UserContainer.m */; };
		DA707CCD1212F9C40057B509 /* TopicView.m in Sources */ = {isa = PBXBuildFile; fileRef = DA707CCC1212F9C40057B509 /* TopicView.m */; };
		DA707CD01212F9EB0057B509 /* TopicContainerView.m in Sources */ = {isa = PBXBuildFile; fileRef = DA707CCF1212F9EB0057B509 /* TopicContainerView.m */; };
		DA72601F1215A116008A0E0C /* LocationView.m in Sources */ = {isa = PBXBuildFile; fileRef = DA72601E1215A116008A0E0C /* LocationView.m */; };
		DA7260221215A15E008A0E0C /* LocationContainerView.m in Sources */ = {isa = PBXBuildFile; fileRef = DA7260211215A15E008A0E0C /* LocationContainerView.m */; };
		DA767ACC11F78D9D00184827 /* TimerBar.m in Sources */ = {isa = PBXBuildFile; fileRef = DA767ACB11F78D9D00184827 /* TimerBar.m */; };
		DA7FD24A12086F74007A9217 /* WebViewController.m in Sources */ = {isa = PBXBuildFile; fileRef = DA7FD24912086F74007A9217 /* WebViewController.m */; };
		DA7FD27A1208A127007A9217 /* TaskView.m in Sources */ = {isa = PBXBuildFile; fileRef = DA7FD2791208A127007A9217 /* TaskView.m */; };
		DA7FD3E11209E424007A9217 /* TaskContainerView.m in Sources */ = {isa = PBXBuildFile; fileRef = DA7FD3E01209E424007A9217 /* TaskContainerView.m */; };
		DA96F0F811EE525500B64D3D /* HeaderView.m in Sources */ = {isa = PBXBuildFile; fileRef = DA96F0E311EE525500B64D3D /* HeaderView.m */; };
		DA96F0F911EE525500B64D3D /* LocationCell.m in Sources */ = {isa = PBXBuildFile; fileRef = DA96F0E511EE525500B64D3D /* LocationCell.m */; };
		DA96F0FA11EE525500B64D3D /* LocationCellView.m in Sources */ = {isa = PBXBuildFile; fileRef = DA96F0E711EE525500B64D3D /* LocationCellView.m */; };
		DA96F0FB11EE525500B64D3D /* LocationViewController.m in Sources */ = {isa = PBXBuildFile; fileRef = DA96F0E911EE525500B64D3D /* LocationViewController.m */; };
		DA96F0FC11EE525500B64D3D /* LoginAppDelegate.m in Sources */ = {isa = PBXBuildFile; fileRef = DA96F0EB11EE525500B64D3D /* LoginAppDelegate.m */; };
		DA96F0FD11EE525500B64D3D /* LoginMasterViewController.m in Sources */ = {isa = PBXBuildFile; fileRef = DA96F0ED11EE525500B64D3D /* LoginMasterViewController.m */; };
		DA96F0FE11EE525500B64D3D /* LogoView.m in Sources */ = {isa = PBXBuildFile; fileRef = DA96F0EF11EE525500B64D3D /* LogoView.m */; };
		DA96F0FF11EE525500B64D3D /* RoomCell.m in Sources */ = {isa = PBXBuildFile; fileRef = DA96F0F111EE525500B64D3D /* RoomCell.m */; };
		DA96F10011EE525500B64D3D /* RoomCellView.m in Sources */ = {isa = PBXBuildFile; fileRef = DA96F0F311EE525500B64D3D /* RoomCellView.m */; };
		DA96F10111EE525500B64D3D /* RoomViewController.m in Sources */ = {isa = PBXBuildFile; fileRef = DA96F0F511EE525500B64D3D /* RoomViewController.m */; };
		DA96F10211EE525500B64D3D /* tin_can_phone.jpg in Resources */ = {isa = PBXBuildFile; fileRef = DA96F0F611EE525500B64D3D /* tin_can_phone.jpg */; };
		DA96F10B11EE52DA00B64D3D /* DetailViewController.m in Sources */ = {isa = PBXBuildFile; fileRef = DA96F10611EE52DA00B64D3D /* DetailViewController.m */; };
		DA96F10C11EE52DA00B64D3D /* RootViewController.m in Sources */ = {isa = PBXBuildFile; fileRef = DA96F10811EE52DA00B64D3D /* RootViewController.m */; };
		DA96F10D11EE52DA00B64D3D /* SettingsAppDelegate.m in Sources */ = {isa = PBXBuildFile; fileRef = DA96F10A11EE52DA00B64D3D /* SettingsAppDelegate.m */; };
/* End PBXBuildFile section */

/* Begin PBXFileReference section */
		1D30AB110D05D00D00671497 /* Foundation.framework */ = {isa = PBXFileReference; lastKnownFileType = wrapper.framework; name = Foundation.framework; path = System/Library/Frameworks/Foundation.framework; sourceTree = SDKROOT; };
		1D3623240D0F684500981E51 /* TinCanAppDelegate.h */ = {isa = PBXFileReference; fileEncoding = 4; lastKnownFileType = sourcecode.c.h; path = TinCanAppDelegate.h; sourceTree = "<group>"; };
		1D3623250D0F684500981E51 /* TinCanAppDelegate.m */ = {isa = PBXFileReference; fileEncoding = 4; lastKnownFileType = sourcecode.c.objc; path = TinCanAppDelegate.m; sourceTree = "<group>"; };
		1D6058910D05DD3D006BFB54 /* TinCan.app */ = {isa = PBXFileReference; explicitFileType = wrapper.application; includeInIndex = 0; path = TinCan.app; sourceTree = BUILT_PRODUCTS_DIR; };
		1DF5F4DF0D08C38300B7A737 /* UIKit.framework */ = {isa = PBXFileReference; lastKnownFileType = wrapper.framework; name = UIKit.framework; path = System/Library/Frameworks/UIKit.framework; sourceTree = SDKROOT; };
		288765A40DF7441C002DB57D /* CoreGraphics.framework */ = {isa = PBXFileReference; lastKnownFileType = wrapper.framework; name = CoreGraphics.framework; path = System/Library/Frameworks/CoreGraphics.framework; sourceTree = SDKROOT; };
		2899E5210DE3E06400AC0155 /* TinCanViewController.xib */ = {isa = PBXFileReference; lastKnownFileType = file.xib; path = TinCanViewController.xib; sourceTree = "<group>"; };
		28AD733E0D9D9553002E5188 /* MainWindow.xib */ = {isa = PBXFileReference; lastKnownFileType = file.xib; path = MainWindow.xib; sourceTree = "<group>"; };
		29B97316FDCFA39411CA2CEA /* main.m */ = {isa = PBXFileReference; fileEncoding = 4; lastKnownFileType = sourcecode.c.objc; path = main.m; sourceTree = "<group>"; };
		32CA4F630368D1EE00C91783 /* TinCan_Prefix.pch */ = {isa = PBXFileReference; fileEncoding = 4; lastKnownFileType = sourcecode.c.h; path = TinCan_Prefix.pch; sourceTree = "<group>"; };
		3A2A6A3A11EE5ED300FF373C /* SynchronizedObject.h */ = {isa = PBXFileReference; fileEncoding = 4; lastKnownFileType = sourcecode.c.h; path = SynchronizedObject.h; sourceTree = "<group>"; };
		3A2A6A3B11EE5ED300FF373C /* SynchronizedObject.m */ = {isa = PBXFileReference; fileEncoding = 4; lastKnownFileType = sourcecode.c.objc; path = SynchronizedObject.m; sourceTree = "<group>"; };
		3A2A6A3D11EE696000FF373C /* StateManager.h */ = {isa = PBXFileReference; fileEncoding = 4; lastKnownFileType = sourcecode.c.h; path = StateManager.h; sourceTree = "<group>"; };
		3A2A6A3E11EE696000FF373C /* StateManager.m */ = {isa = PBXFileReference; fileEncoding = 4; lastKnownFileType = sourcecode.c.objc; path = StateManager.m; sourceTree = "<group>"; };
		3A2A6A5811EE73F800FF373C /* User.h */ = {isa = PBXFileReference; fileEncoding = 4; lastKnownFileType = sourcecode.c.h; path = User.h; sourceTree = "<group>"; };
		3A2A6A5911EE73F800FF373C /* User.m */ = {isa = PBXFileReference; fileEncoding = 4; lastKnownFileType = sourcecode.c.objc; path = User.m; sourceTree = "<group>"; };
		3A2A6A5B11EE74A500FF373C /* Actor.h */ = {isa = PBXFileReference; fileEncoding = 4; lastKnownFileType = sourcecode.c.h; path = Actor.h; sourceTree = "<group>"; };
		3A2A6A5C11EE74A500FF373C /* Actor.m */ = {isa = PBXFileReference; fileEncoding = 4; lastKnownFileType = sourcecode.c.objc; path = Actor.m; sourceTree = "<group>"; };
		3A2A6AAA11EF65C400FF373C /* Location.h */ = {isa = PBXFileReference; fileEncoding = 4; lastKnownFileType = sourcecode.c.h; path = Location.h; sourceTree = "<group>"; };
		3A2A6AAB11EF65C400FF373C /* Location.m */ = {isa = PBXFileReference; fileEncoding = 4; lastKnownFileType = sourcecode.c.objc; path = Location.m; sourceTree = "<group>"; };
		3A2A6AC611EFDAF500FF373C /* Meeting.h */ = {isa = PBXFileReference; fileEncoding = 4; lastKnownFileType = sourcecode.c.h; path = Meeting.h; sourceTree = "<group>"; };
		3A2A6AC711EFDAF500FF373C /* Meeting.m */ = {isa = PBXFileReference; fileEncoding = 4; lastKnownFileType = sourcecode.c.objc; path = Meeting.m; sourceTree = "<group>"; };
		3A2A6AC911EFDB0E00FF373C /* Room.h */ = {isa = PBXFileReference; fileEncoding = 4; lastKnownFileType = sourcecode.c.h; path = Room.h; sourceTree = "<group>"; };
		3A2A6ACA11EFDB0E00FF373C /* Room.m */ = {isa = PBXFileReference; fileEncoding = 4; lastKnownFileType = sourcecode.c.objc; path = Room.m; sourceTree = "<group>"; };
		3A2A6B8B11F0B15600FF373C /* tincan.h */ = {isa = PBXFileReference; fileEncoding = 4; lastKnownFileType = sourcecode.c.h; path = tincan.h; sourceTree = "<group>"; };
		3A2A6BEE11F0B5FD00FF373C /* greyButton-1.png */ = {isa = PBXFileReference; lastKnownFileType = image.png; path = "greyButton-1.png"; sourceTree = "<group>"; };
		3A2A6BEF11F0B5FD00FF373C /* rightarrow.png */ = {isa = PBXFileReference; lastKnownFileType = image.png; path = rightarrow.png; sourceTree = "<group>"; };
		3A2A6C7A11F0D86500FF373C /* ConnectionManager.h */ = {isa = PBXFileReference; fileEncoding = 4; lastKnownFileType = sourcecode.c.h; path = ConnectionManager.h; sourceTree = "<group>"; };
		3A2A6C7B11F0D86500FF373C /* ConnectionManager.m */ = {isa = PBXFileReference; fileEncoding = 4; lastKnownFileType = sourcecode.c.objc; path = ConnectionManager.m; sourceTree = "<group>"; };
		3A2A6C9611F0F68300FF373C /* Event.h */ = {isa = PBXFileReference; fileEncoding = 4; lastKnownFileType = sourcecode.c.h; path = Event.h; sourceTree = "<group>"; };
		3A2A6C9711F0F68300FF373C /* Event.m */ = {isa = PBXFileReference; fileEncoding = 4; lastKnownFileType = sourcecode.c.objc; path = Event.m; sourceTree = "<group>"; };
		3A57217D11EB7515004C2687 /* MeetingViewController.h */ = {isa = PBXFileReference; fileEncoding = 4; lastKnownFileType = sourcecode.c.h; path = MeetingViewController.h; sourceTree = "<group>"; };
		3A57217E11EB7515004C2687 /* MeetingViewController.m */ = {isa = PBXFileReference; fileEncoding = 4; lastKnownFileType = sourcecode.c.objc; path = MeetingViewController.m; sourceTree = "<group>"; };
		3A57237611EBDE0B004C2687 /* TinCanViewController.h */ = {isa = PBXFileReference; fileEncoding = 4; lastKnownFileType = sourcecode.c.h; path = TinCanViewController.h; sourceTree = "<group>"; };
		3A57237711EBDE0B004C2687 /* TinCanViewController.m */ = {isa = PBXFileReference; fileEncoding = 4; lastKnownFileType = sourcecode.c.objc; path = TinCanViewController.m; sourceTree = "<group>"; };
		3AA06B7211A9C1DA00C3D279 /* DragManager.h */ = {isa = PBXFileReference; fileEncoding = 4; lastKnownFileType = sourcecode.c.h; path = DragManager.h; sourceTree = "<group>"; };
		3AA06B7311A9C1DA00C3D279 /* DragManager.m */ = {isa = PBXFileReference; fileEncoding = 4; lastKnownFileType = sourcecode.c.objc; path = DragManager.m; sourceTree = "<group>"; };
		3AA06D1311AAD1C500C3D279 /* Icon.png */ = {isa = PBXFileReference; lastKnownFileType = image.png; path = Icon.png; sourceTree = "<group>"; };
		3AB0BC3611A5D73C003A91EB /* MeetingTimerView.h */ = {isa = PBXFileReference; fileEncoding = 4; lastKnownFileType = sourcecode.c.h; path = MeetingTimerView.h; sourceTree = "<group>"; };
		3AB0BC3711A5D73C003A91EB /* MeetingTimerView.m */ = {isa = PBXFileReference; fileEncoding = 4; lastKnownFileType = sourcecode.c.objc; path = MeetingTimerView.m; sourceTree = "<group>"; };
		3AC2B9171198715A0071F912 /* ParticipantView.h */ = {isa = PBXFileReference; fileEncoding = 4; lastKnownFileType = sourcecode.c.h; path = ParticipantView.h; sourceTree = "<group>"; };
		3AC2B9181198715A0071F912 /* ParticipantView.m */ = {isa = PBXFileReference; fileEncoding = 4; lastKnownFileType = sourcecode.c.objc; path = ParticipantView.m; sourceTree = "<group>"; };
		3AC2B91A119871670071F912 /* Todo.h */ = {isa = PBXFileReference; fileEncoding = 4; lastKnownFileType = sourcecode.c.h; path = Todo.h; sourceTree = "<group>"; };
		3AC2B91B119871670071F912 /* Todo.m */ = {isa = PBXFileReference; fileEncoding = 4; lastKnownFileType = sourcecode.c.objc; path = Todo.m; sourceTree = "<group>"; };
		3AC2B9D21198BB120071F912 /* UIColor+Util.h */ = {isa = PBXFileReference; fileEncoding = 4; lastKnownFileType = sourcecode.c.h; path = "UIColor+Util.h"; sourceTree = "<group>"; };
		3AC2B9D31198BB120071F912 /* UIColor+Util.m */ = {isa = PBXFileReference; fileEncoding = 4; lastKnownFileType = sourcecode.c.objc; path = "UIColor+Util.m"; sourceTree = "<group>"; };
		3AC2BA9E1199D89C0071F912 /* TodoItemView.h */ = {isa = PBXFileReference; fileEncoding = 4; lastKnownFileType = sourcecode.c.h; path = TodoItemView.h; sourceTree = "<group>"; };
		3AC2BA9F1199D89C0071F912 /* TodoItemView.m */ = {isa = PBXFileReference; fileEncoding = 4; lastKnownFileType = sourcecode.c.objc; path = TodoItemView.m; sourceTree = "<group>"; };
		3AC2BD7C11A33DDE0071F912 /* JSON.h */ = {isa = PBXFileReference; fileEncoding = 4; lastKnownFileType = sourcecode.c.h; path = JSON.h; sourceTree = "<group>"; };
		3AC2BD7D11A33DDE0071F912 /* NSObject+SBJSON.h */ = {isa = PBXFileReference; fileEncoding = 4; lastKnownFileType = sourcecode.c.h; path = "NSObject+SBJSON.h"; sourceTree = "<group>"; };
		3AC2BD7E11A33DDE0071F912 /* NSObject+SBJSON.m */ = {isa = PBXFileReference; fileEncoding = 4; lastKnownFileType = sourcecode.c.objc; path = "NSObject+SBJSON.m"; sourceTree = "<group>"; };
		3AC2BD7F11A33DDE0071F912 /* NSString+SBJSON.h */ = {isa = PBXFileReference; fileEncoding = 4; lastKnownFileType = sourcecode.c.h; path = "NSString+SBJSON.h"; sourceTree = "<group>"; };
		3AC2BD8011A33DDE0071F912 /* NSString+SBJSON.m */ = {isa = PBXFileReference; fileEncoding = 4; lastKnownFileType = sourcecode.c.objc; path = "NSString+SBJSON.m"; sourceTree = "<group>"; };
		3AC2BD8111A33DDE0071F912 /* SBJSON.h */ = {isa = PBXFileReference; fileEncoding = 4; lastKnownFileType = sourcecode.c.h; path = SBJSON.h; sourceTree = "<group>"; };
		3AC2BD8211A33DDE0071F912 /* SBJSON.m */ = {isa = PBXFileReference; fileEncoding = 4; lastKnownFileType = sourcecode.c.objc; path = SBJSON.m; sourceTree = "<group>"; };
		3AC2BD8311A33DDE0071F912 /* SBJsonBase.h */ = {isa = PBXFileReference; fileEncoding = 4; lastKnownFileType = sourcecode.c.h; path = SBJsonBase.h; sourceTree = "<group>"; };
		3AC2BD8411A33DDE0071F912 /* SBJsonBase.m */ = {isa = PBXFileReference; fileEncoding = 4; lastKnownFileType = sourcecode.c.objc; path = SBJsonBase.m; sourceTree = "<group>"; };
		3AC2BD8511A33DDE0071F912 /* SBJsonParser.h */ = {isa = PBXFileReference; fileEncoding = 4; lastKnownFileType = sourcecode.c.h; path = SBJsonParser.h; sourceTree = "<group>"; };
		3AC2BD8611A33DDE0071F912 /* SBJsonParser.m */ = {isa = PBXFileReference; fileEncoding = 4; lastKnownFileType = sourcecode.c.objc; path = SBJsonParser.m; sourceTree = "<group>"; };
		3AC2BD8711A33DDE0071F912 /* SBJsonWriter.h */ = {isa = PBXFileReference; fileEncoding = 4; lastKnownFileType = sourcecode.c.h; path = SBJsonWriter.h; sourceTree = "<group>"; };
		3AC2BD8811A33DDE0071F912 /* SBJsonWriter.m */ = {isa = PBXFileReference; fileEncoding = 4; lastKnownFileType = sourcecode.c.objc; path = SBJsonWriter.m; sourceTree = "<group>"; };
		3AC2BD9211A340080071F912 /* TodoUpdateOperation.h */ = {isa = PBXFileReference; fileEncoding = 4; lastKnownFileType = sourcecode.c.h; path = TodoUpdateOperation.h; sourceTree = "<group>"; };
		3AC2BD9311A340080071F912 /* TodoUpdateOperation.m */ = {isa = PBXFileReference; fileEncoding = 4; lastKnownFileType = sourcecode.c.objc; path = TodoUpdateOperation.m; sourceTree = "<group>"; };
		3AC2BF0311A490720071F912 /* Participant.h */ = {isa = PBXFileReference; fileEncoding = 4; lastKnownFileType = sourcecode.c.h; path = Participant.h; sourceTree = "<group>"; };
		3AC2BF0411A490720071F912 /* Participant.m */ = {isa = PBXFileReference; fileEncoding = 4; lastKnownFileType = sourcecode.c.objc; path = Participant.m; sourceTree = "<group>"; };
		3AC2C20511A5B62C0071F912 /* ASIAuthenticationDialog.h */ = {isa = PBXFileReference; fileEncoding = 4; lastKnownFileType = sourcecode.c.h; path = ASIAuthenticationDialog.h; sourceTree = "<group>"; };
		3AC2C20611A5B62C0071F912 /* ASIAuthenticationDialog.m */ = {isa = PBXFileReference; fileEncoding = 4; lastKnownFileType = sourcecode.c.objc; path = ASIAuthenticationDialog.m; sourceTree = "<group>"; };
		3AC2C20711A5B62C0071F912 /* ASIFormDataRequest.h */ = {isa = PBXFileReference; fileEncoding = 4; lastKnownFileType = sourcecode.c.h; path = ASIFormDataRequest.h; sourceTree = "<group>"; };
		3AC2C20811A5B62C0071F912 /* ASIFormDataRequest.m */ = {isa = PBXFileReference; fileEncoding = 4; lastKnownFileType = sourcecode.c.objc; path = ASIFormDataRequest.m; sourceTree = "<group>"; };
		3AC2C20911A5B62C0071F912 /* ASIHTTPRequest.h */ = {isa = PBXFileReference; fileEncoding = 4; lastKnownFileType = sourcecode.c.h; path = ASIHTTPRequest.h; sourceTree = "<group>"; };
		3AC2C20A11A5B62C0071F912 /* ASIHTTPRequest.m */ = {isa = PBXFileReference; fileEncoding = 4; lastKnownFileType = sourcecode.c.objc; path = ASIHTTPRequest.m; sourceTree = "<group>"; };
		3AC2C20B11A5B62C0071F912 /* ASIHTTPRequestConfig.h */ = {isa = PBXFileReference; fileEncoding = 4; lastKnownFileType = sourcecode.c.h; path = ASIHTTPRequestConfig.h; sourceTree = "<group>"; };
		3AC2C20C11A5B62C0071F912 /* ASIHTTPRequestDelegate.h */ = {isa = PBXFileReference; fileEncoding = 4; lastKnownFileType = sourcecode.c.h; path = ASIHTTPRequestDelegate.h; sourceTree = "<group>"; };
		3AC2C20D11A5B62C0071F912 /* ASIInputStream.h */ = {isa = PBXFileReference; fileEncoding = 4; lastKnownFileType = sourcecode.c.h; path = ASIInputStream.h; sourceTree = "<group>"; };
		3AC2C20E11A5B62C0071F912 /* ASIInputStream.m */ = {isa = PBXFileReference; fileEncoding = 4; lastKnownFileType = sourcecode.c.objc; path = ASIInputStream.m; sourceTree = "<group>"; };
		3AC2C20F11A5B62C0071F912 /* ASINetworkQueue.h */ = {isa = PBXFileReference; fileEncoding = 4; lastKnownFileType = sourcecode.c.h; path = ASINetworkQueue.h; sourceTree = "<group>"; };
		3AC2C21011A5B62C0071F912 /* ASINetworkQueue.m */ = {isa = PBXFileReference; fileEncoding = 4; lastKnownFileType = sourcecode.c.objc; path = ASINetworkQueue.m; sourceTree = "<group>"; };
		3AC2C21111A5B62C0071F912 /* ASINSStringAdditions.h */ = {isa = PBXFileReference; fileEncoding = 4; lastKnownFileType = sourcecode.c.h; path = ASINSStringAdditions.h; sourceTree = "<group>"; };
		3AC2C21211A5B62C0071F912 /* ASINSStringAdditions.m */ = {isa = PBXFileReference; fileEncoding = 4; lastKnownFileType = sourcecode.c.objc; path = ASINSStringAdditions.m; sourceTree = "<group>"; };
		3AC2C21311A5B62C0071F912 /* ASIProgressDelegate.h */ = {isa = PBXFileReference; fileEncoding = 4; lastKnownFileType = sourcecode.c.h; path = ASIProgressDelegate.h; sourceTree = "<group>"; };
		3AC2C22211A5B72A0071F912 /* SystemConfiguration.framework */ = {isa = PBXFileReference; lastKnownFileType = wrapper.framework; name = SystemConfiguration.framework; path = System/Library/Frameworks/SystemConfiguration.framework; sourceTree = SDKROOT; };
		3AC2C22611A5B73D0071F912 /* MobileCoreServices.framework */ = {isa = PBXFileReference; lastKnownFileType = wrapper.framework; name = MobileCoreServices.framework; path = System/Library/Frameworks/MobileCoreServices.framework; sourceTree = SDKROOT; };
		3AC2C22A11A5B7520071F912 /* libz.1.2.3.dylib */ = {isa = PBXFileReference; lastKnownFileType = "compiled.mach-o.dylib"; name = libz.1.2.3.dylib; path = usr/lib/libz.1.2.3.dylib; sourceTree = SDKROOT; };
		3AC2C23711A5B9890071F912 /* Reachability.h */ = {isa = PBXFileReference; fileEncoding = 4; lastKnownFileType = sourcecode.c.h; path = Reachability.h; sourceTree = "<group>"; };
		3AC2C23811A5B9890071F912 /* Reachability.m */ = {isa = PBXFileReference; fileEncoding = 4; lastKnownFileType = sourcecode.c.objc; path = Reachability.m; sourceTree = "<group>"; };
		3AC2C25911A5BA500071F912 /* CFNetwork.framework */ = {isa = PBXFileReference; lastKnownFileType = wrapper.framework; name = CFNetwork.framework; path = System/Library/Frameworks/CFNetwork.framework; sourceTree = SDKROOT; };
		3AC6BB581200D4610002FD52 /* Topic.h */ = {isa = PBXFileReference; fileEncoding = 4; lastKnownFileType = sourcecode.c.h; path = Topic.h; sourceTree = "<group>"; };
		3AC6BB591200D4610002FD52 /* Topic.m */ = {isa = PBXFileReference; fileEncoding = 4; lastKnownFileType = sourcecode.c.objc; path = Topic.m; sourceTree = "<group>"; };
		3AC6BB5D1200D6050002FD52 /* BaseMeetingObject.h */ = {isa = PBXFileReference; fileEncoding = 4; lastKnownFileType = sourcecode.c.h; path = BaseMeetingObject.h; sourceTree = "<group>"; };
		3AC6BB5E1200D6050002FD52 /* BaseMeetingObject.m */ = {isa = PBXFileReference; fileEncoding = 4; lastKnownFileType = sourcecode.c.objc; path = BaseMeetingObject.m; sourceTree = "<group>"; };
		3AC6BB7A1200F0280002FD52 /* Task.h */ = {isa = PBXFileReference; fileEncoding = 4; lastKnownFileType = sourcecode.c.h; path = Task.h; sourceTree = "<group>"; };
		3AC6BB7B1200F0280002FD52 /* Task.m */ = {isa = PBXFileReference; fileEncoding = 4; lastKnownFileType = sourcecode.c.objc; path = Task.m; sourceTree = "<group>"; };
		3AD66C4B120B0CBE00F974DA /* UserView.h */ = {isa = PBXFileReference; fileEncoding = 4; lastKnownFileType = sourcecode.c.h; path = UserView.h; sourceTree = "<group>"; };
		3AD66C4C120B0CBE00F974DA /* UserView.m */ = {isa = PBXFileReference; fileEncoding = 4; lastKnownFileType = sourcecode.c.objc; path = UserView.m; sourceTree = "<group>"; };
		3AD66E59120B80C000F974DA /* UserRenderView.h */ = {isa = PBXFileReference; fileEncoding = 4; lastKnownFileType = sourcecode.c.h; path = UserRenderView.h; sourceTree = "<group>"; };
		3AD66E5A120B80C000F974DA /* UserRenderView.m */ = {isa = PBXFileReference; fileEncoding = 4; lastKnownFileType = sourcecode.c.objc; path = UserRenderView.m; sourceTree = "<group>"; };
		3AD674441214A56900F974DA /* UserContainer.h */ = {isa = PBXFileReference; fileEncoding = 4; lastKnownFileType = sourcecode.c.h; path = UserContainer.h; sourceTree = "<group>"; };
		3AD674451214A56900F974DA /* UserContainer.m */ = {isa = PBXFileReference; fileEncoding = 4; lastKnownFileType = sourcecode.c.objc; path = UserContainer.m; sourceTree = "<group>"; };
		8D1107310486CEB800E47090 /* TinCan-Info.plist */ = {isa = PBXFileReference; fileEncoding = 4; lastKnownFileType = text.plist.xml; path = "TinCan-Info.plist"; plistStructureDefinitionIdentifier = "com.apple.xcode.plist.structure-definition.iphone.info-plist"; sourceTree = "<group>"; };
		DA707CCB1212F9C40057B509 /* TopicView.h */ = {isa = PBXFileReference; fileEncoding = 4; lastKnownFileType = sourcecode.c.h; path = TopicView.h; sourceTree = "<group>"; };
		DA707CCC1212F9C40057B509 /* TopicView.m */ = {isa = PBXFileReference; fileEncoding = 4; lastKnownFileType = sourcecode.c.objc; path = TopicView.m; sourceTree = "<group>"; };
		DA707CCE1212F9EB0057B509 /* TopicContainerView.h */ = {isa = PBXFileReference; fileEncoding = 4; lastKnownFileType = sourcecode.c.h; path = TopicContainerView.h; sourceTree = "<group>"; };
		DA707CCF1212F9EB0057B509 /* TopicContainerView.m */ = {isa = PBXFileReference; fileEncoding = 4; lastKnownFileType = sourcecode.c.objc; path = TopicContainerView.m; sourceTree = "<group>"; };
		DA72601D1215A116008A0E0C /* LocationView.h */ = {isa = PBXFileReference; fileEncoding = 4; lastKnownFileType = sourcecode.c.h; path = LocationView.h; sourceTree = "<group>"; };
		DA72601E1215A116008A0E0C /* LocationView.m */ = {isa = PBXFileReference; fileEncoding = 4; lastKnownFileType = sourcecode.c.objc; path = LocationView.m; sourceTree = "<group>"; };
		DA7260201215A15E008A0E0C /* LocationContainerView.h */ = {isa = PBXFileReference; fileEncoding = 4; lastKnownFileType = sourcecode.c.h; path = LocationContainerView.h; sourceTree = "<group>"; };
		DA7260211215A15E008A0E0C /* LocationContainerView.m */ = {isa = PBXFileReference; fileEncoding = 4; lastKnownFileType = sourcecode.c.objc; path = LocationContainerView.m; sourceTree = "<group>"; };
		DA767ACA11F78D9D00184827 /* TimerBar.h */ = {isa = PBXFileReference; fileEncoding = 4; lastKnownFileType = sourcecode.c.h; path = TimerBar.h; sourceTree = "<group>"; };
		DA767ACB11F78D9D00184827 /* TimerBar.m */ = {isa = PBXFileReference; fileEncoding = 4; lastKnownFileType = sourcecode.c.objc; path = TimerBar.m; sourceTree = "<group>"; };
		DA7FD24812086F74007A9217 /* WebViewController.h */ = {isa = PBXFileReference; fileEncoding = 4; lastKnownFileType = sourcecode.c.h; path = WebViewController.h; sourceTree = "<group>"; };
		DA7FD24912086F74007A9217 /* WebViewController.m */ = {isa = PBXFileReference; fileEncoding = 4; lastKnownFileType = sourcecode.c.objc; path = WebViewController.m; sourceTree = "<group>"; };
		DA7FD2781208A127007A9217 /* TaskView.h */ = {isa = PBXFileReference; fileEncoding = 4; lastKnownFileType = sourcecode.c.h; path = TaskView.h; sourceTree = "<group>"; };
		DA7FD2791208A127007A9217 /* TaskView.m */ = {isa = PBXFileReference; fileEncoding = 4; lastKnownFileType = sourcecode.c.objc; path = TaskView.m; sourceTree = "<group>"; };
		DA7FD3DF1209E424007A9217 /* TaskContainerView.h */ = {isa = PBXFileReference; fileEncoding = 4; lastKnownFileType = sourcecode.c.h; path = TaskContainerView.h; sourceTree = "<group>"; };
		DA7FD3E01209E424007A9217 /* TaskContainerView.m */ = {isa = PBXFileReference; fileEncoding = 4; lastKnownFileType = sourcecode.c.objc; path = TaskContainerView.m; sourceTree = "<group>"; };
		DA96F0E211EE525500B64D3D /* HeaderView.h */ = {isa = PBXFileReference; fileEncoding = 4; lastKnownFileType = sourcecode.c.h; path = HeaderView.h; sourceTree = "<group>"; };
		DA96F0E311EE525500B64D3D /* HeaderView.m */ = {isa = PBXFileReference; fileEncoding = 4; lastKnownFileType = sourcecode.c.objc; path = HeaderView.m; sourceTree = "<group>"; };
		DA96F0E411EE525500B64D3D /* LocationCell.h */ = {isa = PBXFileReference; fileEncoding = 4; lastKnownFileType = sourcecode.c.h; path = LocationCell.h; sourceTree = "<group>"; };
		DA96F0E511EE525500B64D3D /* LocationCell.m */ = {isa = PBXFileReference; fileEncoding = 4; lastKnownFileType = sourcecode.c.objc; path = LocationCell.m; sourceTree = "<group>"; };
		DA96F0E611EE525500B64D3D /* LocationCellView.h */ = {isa = PBXFileReference; fileEncoding = 4; lastKnownFileType = sourcecode.c.h; path = LocationCellView.h; sourceTree = "<group>"; };
		DA96F0E711EE525500B64D3D /* LocationCellView.m */ = {isa = PBXFileReference; fileEncoding = 4; lastKnownFileType = sourcecode.c.objc; path = LocationCellView.m; sourceTree = "<group>"; };
		DA96F0E811EE525500B64D3D /* LocationViewController.h */ = {isa = PBXFileReference; fileEncoding = 4; lastKnownFileType = sourcecode.c.h; path = LocationViewController.h; sourceTree = "<group>"; };
		DA96F0E911EE525500B64D3D /* LocationViewController.m */ = {isa = PBXFileReference; fileEncoding = 4; lastKnownFileType = sourcecode.c.objc; path = LocationViewController.m; sourceTree = "<group>"; };
		DA96F0EA11EE525500B64D3D /* LoginAppDelegate.h */ = {isa = PBXFileReference; fileEncoding = 4; lastKnownFileType = sourcecode.c.h; path = LoginAppDelegate.h; sourceTree = "<group>"; };
		DA96F0EB11EE525500B64D3D /* LoginAppDelegate.m */ = {isa = PBXFileReference; fileEncoding = 4; lastKnownFileType = sourcecode.c.objc; path = LoginAppDelegate.m; sourceTree = "<group>"; };
		DA96F0EC11EE525500B64D3D /* LoginMasterViewController.h */ = {isa = PBXFileReference; fileEncoding = 4; lastKnownFileType = sourcecode.c.h; path = LoginMasterViewController.h; sourceTree = "<group>"; };
		DA96F0ED11EE525500B64D3D /* LoginMasterViewController.m */ = {isa = PBXFileReference; fileEncoding = 4; lastKnownFileType = sourcecode.c.objc; path = LoginMasterViewController.m; sourceTree = "<group>"; };
		DA96F0EE11EE525500B64D3D /* LogoView.h */ = {isa = PBXFileReference; fileEncoding = 4; lastKnownFileType = sourcecode.c.h; path = LogoView.h; sourceTree = "<group>"; };
		DA96F0EF11EE525500B64D3D /* LogoView.m */ = {isa = PBXFileReference; fileEncoding = 4; lastKnownFileType = sourcecode.c.objc; path = LogoView.m; sourceTree = "<group>"; };
		DA96F0F011EE525500B64D3D /* RoomCell.h */ = {isa = PBXFileReference; fileEncoding = 4; lastKnownFileType = sourcecode.c.h; path = RoomCell.h; sourceTree = "<group>"; };
		DA96F0F111EE525500B64D3D /* RoomCell.m */ = {isa = PBXFileReference; fileEncoding = 4; lastKnownFileType = sourcecode.c.objc; path = RoomCell.m; sourceTree = "<group>"; };
		DA96F0F211EE525500B64D3D /* RoomCellView.h */ = {isa = PBXFileReference; fileEncoding = 4; lastKnownFileType = sourcecode.c.h; path = RoomCellView.h; sourceTree = "<group>"; };
		DA96F0F311EE525500B64D3D /* RoomCellView.m */ = {isa = PBXFileReference; fileEncoding = 4; lastKnownFileType = sourcecode.c.objc; path = RoomCellView.m; sourceTree = "<group>"; };
		DA96F0F411EE525500B64D3D /* RoomViewController.h */ = {isa = PBXFileReference; fileEncoding = 4; lastKnownFileType = sourcecode.c.h; path = RoomViewController.h; sourceTree = "<group>"; };
		DA96F0F511EE525500B64D3D /* RoomViewController.m */ = {isa = PBXFileReference; fileEncoding = 4; lastKnownFileType = sourcecode.c.objc; path = RoomViewController.m; sourceTree = "<group>"; };
		DA96F0F611EE525500B64D3D /* tin_can_phone.jpg */ = {isa = PBXFileReference; lastKnownFileType = image.jpeg; path = tin_can_phone.jpg; sourceTree = "<group>"; };
		DA96F10511EE52DA00B64D3D /* DetailViewController.h */ = {isa = PBXFileReference; fileEncoding = 4; lastKnownFileType = sourcecode.c.h; path = DetailViewController.h; sourceTree = "<group>"; };
		DA96F10611EE52DA00B64D3D /* DetailViewController.m */ = {isa = PBXFileReference; fileEncoding = 4; lastKnownFileType = sourcecode.c.objc; path = DetailViewController.m; sourceTree = "<group>"; };
		DA96F10711EE52DA00B64D3D /* RootViewController.h */ = {isa = PBXFileReference; fileEncoding = 4; lastKnownFileType = sourcecode.c.h; path = RootViewController.h; sourceTree = "<group>"; };
		DA96F10811EE52DA00B64D3D /* RootViewController.m */ = {isa = PBXFileReference; fileEncoding = 4; lastKnownFileType = sourcecode.c.objc; path = RootViewController.m; sourceTree = "<group>"; };
		DA96F10911EE52DA00B64D3D /* SettingsAppDelegate.h */ = {isa = PBXFileReference; fileEncoding = 4; lastKnownFileType = sourcecode.c.h; path = SettingsAppDelegate.h; sourceTree = "<group>"; };
		DA96F10A11EE52DA00B64D3D /* SettingsAppDelegate.m */ = {isa = PBXFileReference; fileEncoding = 4; lastKnownFileType = sourcecode.c.objc; path = SettingsAppDelegate.m; sourceTree = "<group>"; };
/* End PBXFileReference section */

/* Begin PBXFrameworksBuildPhase section */
		1D60588F0D05DD3D006BFB54 /* Frameworks */ = {
			isa = PBXFrameworksBuildPhase;
			buildActionMask = 2147483647;
			files = (
				1D60589F0D05DD5A006BFB54 /* Foundation.framework in Frameworks */,
				1DF5F4E00D08C38300B7A737 /* UIKit.framework in Frameworks */,
				288765A50DF7441C002DB57D /* CoreGraphics.framework in Frameworks */,
				3AC2C22311A5B72A0071F912 /* SystemConfiguration.framework in Frameworks */,
				3AC2C22711A5B73D0071F912 /* MobileCoreServices.framework in Frameworks */,
				3AC2C22B11A5B7520071F912 /* libz.1.2.3.dylib in Frameworks */,
				3AC2C25A11A5BA500071F912 /* CFNetwork.framework in Frameworks */,
			);
			runOnlyForDeploymentPostprocessing = 0;
		};
/* End PBXFrameworksBuildPhase section */

/* Begin PBXGroup section */
		080E96DDFE201D6D7F000001 /* Classes */ = {
			isa = PBXGroup;
			children = (
				3A2A6A3211EE5CD600FF373C /* Model */,
				3AC2BD7B11A33DDE0071F912 /* JSON */,
				3AC2C20411A5B62C0071F912 /* ASIHTTPRequest */,
				1D3623240D0F684500981E51 /* TinCanAppDelegate.h */,
				1D3623250D0F684500981E51 /* TinCanAppDelegate.m */,
				3A57237611EBDE0B004C2687 /* TinCanViewController.h */,
				3A57237711EBDE0B004C2687 /* TinCanViewController.m */,
				DA96F10311EE526D00B64D3D /* Login */,
				DA96F10411EE528900B64D3D /* Settings */,
				DA96EFF811EE51E500B64D3D /* Meeting */,
				3A2A6B8B11F0B15600FF373C /* tincan.h */,
			);
			path = Classes;
			sourceTree = "<group>";
		};
		19C28FACFE9D520D11CA2CBB /* Products */ = {
			isa = PBXGroup;
			children = (
				1D6058910D05DD3D006BFB54 /* TinCan.app */,
			);
			name = Products;
			sourceTree = "<group>";
		};
		29B97314FDCFA39411CA2CEA /* CustomTemplate */ = {
			isa = PBXGroup;
			children = (
				080E96DDFE201D6D7F000001 /* Classes */,
				29B97315FDCFA39411CA2CEA /* Other Sources */,
				29B97317FDCFA39411CA2CEA /* Resources */,
				29B97323FDCFA39411CA2CEA /* Frameworks */,
				19C28FACFE9D520D11CA2CBB /* Products */,
				3AC2C22211A5B72A0071F912 /* SystemConfiguration.framework */,
				3AC2C22611A5B73D0071F912 /* MobileCoreServices.framework */,
				3AC2C22A11A5B7520071F912 /* libz.1.2.3.dylib */,
				3AC2C25911A5BA500071F912 /* CFNetwork.framework */,
			);
			name = CustomTemplate;
			sourceTree = "<group>";
		};
		29B97315FDCFA39411CA2CEA /* Other Sources */ = {
			isa = PBXGroup;
			children = (
				32CA4F630368D1EE00C91783 /* TinCan_Prefix.pch */,
				29B97316FDCFA39411CA2CEA /* main.m */,
			);
			name = "Other Sources";
			sourceTree = "<group>";
		};
		29B97317FDCFA39411CA2CEA /* Resources */ = {
			isa = PBXGroup;
			children = (
				3AA06D1311AAD1C500C3D279 /* Icon.png */,
				2899E5210DE3E06400AC0155 /* TinCanViewController.xib */,
				28AD733E0D9D9553002E5188 /* MainWindow.xib */,
				8D1107310486CEB800E47090 /* TinCan-Info.plist */,
			);
			name = Resources;
			sourceTree = "<group>";
		};
		29B97323FDCFA39411CA2CEA /* Frameworks */ = {
			isa = PBXGroup;
			children = (
				1DF5F4DF0D08C38300B7A737 /* UIKit.framework */,
				1D30AB110D05D00D00671497 /* Foundation.framework */,
				288765A40DF7441C002DB57D /* CoreGraphics.framework */,
			);
			name = Frameworks;
			sourceTree = "<group>";
		};
		3A2A6A3211EE5CD600FF373C /* Model */ = {
			isa = PBXGroup;
			children = (
				3AC2B91A119871670071F912 /* Todo.h */,
				3AC2B91B119871670071F912 /* Todo.m */,
				3AC2BF0311A490720071F912 /* Participant.h */,
				3AC2BF0411A490720071F912 /* Participant.m */,
				3A2A6A3A11EE5ED300FF373C /* SynchronizedObject.h */,
				3A2A6A3B11EE5ED300FF373C /* SynchronizedObject.m */,
				3A2A6A3D11EE696000FF373C /* StateManager.h */,
				3A2A6A3E11EE696000FF373C /* StateManager.m */,
				3A2A6A5811EE73F800FF373C /* User.h */,
				3A2A6A5911EE73F800FF373C /* User.m */,
				3A2A6A5B11EE74A500FF373C /* Actor.h */,
				3A2A6A5C11EE74A500FF373C /* Actor.m */,
				3A2A6AAA11EF65C400FF373C /* Location.h */,
				3A2A6AAB11EF65C400FF373C /* Location.m */,
				3A2A6AC611EFDAF500FF373C /* Meeting.h */,
				3A2A6AC711EFDAF500FF373C /* Meeting.m */,
				3A2A6AC911EFDB0E00FF373C /* Room.h */,
				3A2A6ACA11EFDB0E00FF373C /* Room.m */,
				3A2A6C7A11F0D86500FF373C /* ConnectionManager.h */,
				3A2A6C7B11F0D86500FF373C /* ConnectionManager.m */,
				3A2A6C9611F0F68300FF373C /* Event.h */,
				3A2A6C9711F0F68300FF373C /* Event.m */,
				3AC6BB581200D4610002FD52 /* Topic.h */,
				3AC6BB591200D4610002FD52 /* Topic.m */,
				3AC6BB5D1200D6050002FD52 /* BaseMeetingObject.h */,
				3AC6BB5E1200D6050002FD52 /* BaseMeetingObject.m */,
				3AC6BB7A1200F0280002FD52 /* Task.h */,
				3AC6BB7B1200F0280002FD52 /* Task.m */,
			);
			name = Model;
			sourceTree = "<group>";
		};
		3AC2BD7B11A33DDE0071F912 /* JSON */ = {
			isa = PBXGroup;
			children = (
				3AC2BD7C11A33DDE0071F912 /* JSON.h */,
				3AC2BD7D11A33DDE0071F912 /* NSObject+SBJSON.h */,
				3AC2BD7E11A33DDE0071F912 /* NSObject+SBJSON.m */,
				3AC2BD7F11A33DDE0071F912 /* NSString+SBJSON.h */,
				3AC2BD8011A33DDE0071F912 /* NSString+SBJSON.m */,
				3AC2BD8111A33DDE0071F912 /* SBJSON.h */,
				3AC2BD8211A33DDE0071F912 /* SBJSON.m */,
				3AC2BD8311A33DDE0071F912 /* SBJsonBase.h */,
				3AC2BD8411A33DDE0071F912 /* SBJsonBase.m */,
				3AC2BD8511A33DDE0071F912 /* SBJsonParser.h */,
				3AC2BD8611A33DDE0071F912 /* SBJsonParser.m */,
				3AC2BD8711A33DDE0071F912 /* SBJsonWriter.h */,
				3AC2BD8811A33DDE0071F912 /* SBJsonWriter.m */,
			);
			path = JSON;
			sourceTree = "<group>";
		};
		3AC2C20411A5B62C0071F912 /* ASIHTTPRequest */ = {
			isa = PBXGroup;
			children = (
				3AC2C23711A5B9890071F912 /* Reachability.h */,
				3AC2C23811A5B9890071F912 /* Reachability.m */,
				3AC2C20511A5B62C0071F912 /* ASIAuthenticationDialog.h */,
				3AC2C20611A5B62C0071F912 /* ASIAuthenticationDialog.m */,
				3AC2C20711A5B62C0071F912 /* ASIFormDataRequest.h */,
				3AC2C20811A5B62C0071F912 /* ASIFormDataRequest.m */,
				3AC2C20911A5B62C0071F912 /* ASIHTTPRequest.h */,
				3AC2C20A11A5B62C0071F912 /* ASIHTTPRequest.m */,
				3AC2C20B11A5B62C0071F912 /* ASIHTTPRequestConfig.h */,
				3AC2C20C11A5B62C0071F912 /* ASIHTTPRequestDelegate.h */,
				3AC2C20D11A5B62C0071F912 /* ASIInputStream.h */,
				3AC2C20E11A5B62C0071F912 /* ASIInputStream.m */,
				3AC2C20F11A5B62C0071F912 /* ASINetworkQueue.h */,
				3AC2C21011A5B62C0071F912 /* ASINetworkQueue.m */,
				3AC2C21111A5B62C0071F912 /* ASINSStringAdditions.h */,
				3AC2C21211A5B62C0071F912 /* ASINSStringAdditions.m */,
				3AC2C21311A5B62C0071F912 /* ASIProgressDelegate.h */,
			);
			path = ASIHTTPRequest;
			sourceTree = "<group>";
		};
		DA96EFF811EE51E500B64D3D /* Meeting */ = {
			isa = PBXGroup;
			children = (
				3A57217D11EB7515004C2687 /* MeetingViewController.h */,
				3A57217E11EB7515004C2687 /* MeetingViewController.m */,
				DA7FD2781208A127007A9217 /* TaskView.h */,
				DA7FD2791208A127007A9217 /* TaskView.m */,
				3AC2B9171198715A0071F912 /* ParticipantView.h */,
				3AC2B9181198715A0071F912 /* ParticipantView.m */,
				DA707CCB1212F9C40057B509 /* TopicView.h */,
				DA707CCC1212F9C40057B509 /* TopicView.m */,
				DA707CCE1212F9EB0057B509 /* TopicContainerView.h */,
				DA707CCF1212F9EB0057B509 /* TopicContainerView.m */,
				DA7FD3DF1209E424007A9217 /* TaskContainerView.h */,
				DA7FD3E01209E424007A9217 /* TaskContainerView.m */,
				3AC2BA9E1199D89C0071F912 /* TodoItemView.h */,
				3AC2BA9F1199D89C0071F912 /* TodoItemView.m */,
				3AC2B9D21198BB120071F912 /* UIColor+Util.h */,
				3AC2B9D31198BB120071F912 /* UIColor+Util.m */,
				3AC2BD9211A340080071F912 /* TodoUpdateOperation.h */,
				3AC2BD9311A340080071F912 /* TodoUpdateOperation.m */,
				3AC2BF0311A490720071F912 /* Participant.h */,
				3AC2BF0411A490720071F912 /* Participant.m */,
				3AB0BC3611A5D73C003A91EB /* MeetingTimerView.h */,
				3AB0BC3711A5D73C003A91EB /* MeetingTimerView.m */,
				3AA06B7211A9C1DA00C3D279 /* DragManager.h */,
				3AA06B7311A9C1DA00C3D279 /* DragManager.m */,
				3AC2B91A119871670071F912 /* Todo.h */,
				3AC2B91B119871670071F912 /* Todo.m */,
				DA72601D1215A116008A0E0C /* LocationView.h */,
				DA72601E1215A116008A0E0C /* LocationView.m */,
				DA7260201215A15E008A0E0C /* LocationContainerView.h */,
				DA7260211215A15E008A0E0C /* LocationContainerView.m */,
				3AD66C4B120B0CBE00F974DA /* UserView.h */,
				3AD66C4C120B0CBE00F974DA /* UserView.m */,
				3AD66E59120B80C000F974DA /* UserRenderView.h */,
				3AD66E5A120B80C000F974DA /* UserRenderView.m */,
				3AD674441214A56900F974DA /* UserContainer.h */,
				3AD674451214A56900F974DA /* UserContainer.m */,
			);
			name = Meeting;
			sourceTree = "<group>";
		};
		DA96F10311EE526D00B64D3D /* Login */ = {
			isa = PBXGroup;
			children = (
				3A2A6BEE11F0B5FD00FF373C /* greyButton-1.png */,
				3A2A6BEF11F0B5FD00FF373C /* rightarrow.png */,
				DA7FD24812086F74007A9217 /* WebViewController.h */,
				DA7FD24912086F74007A9217 /* WebViewController.m */,
				DA96F0E211EE525500B64D3D /* HeaderView.h */,
				DA96F0E311EE525500B64D3D /* HeaderView.m */,
				DA96F0E411EE525500B64D3D /* LocationCell.h */,
				DA96F0E511EE525500B64D3D /* LocationCell.m */,
				DA96F0E611EE525500B64D3D /* LocationCellView.h */,
				DA96F0E711EE525500B64D3D /* LocationCellView.m */,
				DA96F0E811EE525500B64D3D /* LocationViewController.h */,
				DA96F0E911EE525500B64D3D /* LocationViewController.m */,
				DA96F0EA11EE525500B64D3D /* LoginAppDelegate.h */,
				DA96F0EB11EE525500B64D3D /* LoginAppDelegate.m */,
				DA96F0EC11EE525500B64D3D /* LoginMasterViewController.h */,
				DA96F0ED11EE525500B64D3D /* LoginMasterViewController.m */,
				DA96F0EE11EE525500B64D3D /* LogoView.h */,
				DA96F0EF11EE525500B64D3D /* LogoView.m */,
				DA96F0F011EE525500B64D3D /* RoomCell.h */,
				DA96F0F111EE525500B64D3D /* RoomCell.m */,
				DA96F0F211EE525500B64D3D /* RoomCellView.h */,
				DA96F0F311EE525500B64D3D /* RoomCellView.m */,
				DA96F0F411EE525500B64D3D /* RoomViewController.h */,
				DA96F0F511EE525500B64D3D /* RoomViewController.m */,
				DA96F0F611EE525500B64D3D /* tin_can_phone.jpg */,
				DA767ACA11F78D9D00184827 /* TimerBar.h */,
				DA767ACB11F78D9D00184827 /* TimerBar.m */,
			);
			name = Login;
			sourceTree = "<group>";
		};
		DA96F10411EE528900B64D3D /* Settings */ = {
			isa = PBXGroup;
			children = (
				DA96F10511EE52DA00B64D3D /* DetailViewController.h */,
				DA96F10611EE52DA00B64D3D /* DetailViewController.m */,
				DA96F10711EE52DA00B64D3D /* RootViewController.h */,
				DA96F10811EE52DA00B64D3D /* RootViewController.m */,
				DA96F10911EE52DA00B64D3D /* SettingsAppDelegate.h */,
				DA96F10A11EE52DA00B64D3D /* SettingsAppDelegate.m */,
			);
			name = Settings;
			sourceTree = "<group>";
		};
/* End PBXGroup section */

/* Begin PBXNativeTarget section */
		1D6058900D05DD3D006BFB54 /* TinCan */ = {
			isa = PBXNativeTarget;
			buildConfigurationList = 1D6058960D05DD3E006BFB54 /* Build configuration list for PBXNativeTarget "TinCan" */;
			buildPhases = (
				1D60588D0D05DD3D006BFB54 /* Resources */,
				1D60588E0D05DD3D006BFB54 /* Sources */,
				1D60588F0D05DD3D006BFB54 /* Frameworks */,
			);
			buildRules = (
			);
			dependencies = (
			);
			name = TinCan;
			productName = TinCan;
			productReference = 1D6058910D05DD3D006BFB54 /* TinCan.app */;
			productType = "com.apple.product-type.application";
		};
/* End PBXNativeTarget section */

/* Begin PBXProject section */
		29B97313FDCFA39411CA2CEA /* Project object */ = {
			isa = PBXProject;
			buildConfigurationList = C01FCF4E08A954540054247B /* Build configuration list for PBXProject "TinCan" */;
			compatibilityVersion = "Xcode 3.2";
			hasScannedForEncodings = 1;
			mainGroup = 29B97314FDCFA39411CA2CEA /* CustomTemplate */;
			projectDirPath = "";
			projectRoot = "";
			targets = (
				1D6058900D05DD3D006BFB54 /* TinCan */,
			);
		};
/* End PBXProject section */

/* Begin PBXResourcesBuildPhase section */
		1D60588D0D05DD3D006BFB54 /* Resources */ = {
			isa = PBXResourcesBuildPhase;
			buildActionMask = 2147483647;
			files = (
				28AD733F0D9D9553002E5188 /* MainWindow.xib in Resources */,
				2899E5220DE3E06400AC0155 /* TinCanViewController.xib in Resources */,
				3AA06D1411AAD1C500C3D279 /* Icon.png in Resources */,
				DA96F10211EE525500B64D3D /* tin_can_phone.jpg in Resources */,
				3A2A6BF011F0B5FD00FF373C /* greyButton-1.png in Resources */,
				3A2A6BF111F0B5FD00FF373C /* rightarrow.png in Resources */,
			);
			runOnlyForDeploymentPostprocessing = 0;
		};
/* End PBXResourcesBuildPhase section */

/* Begin PBXSourcesBuildPhase section */
		1D60588E0D05DD3D006BFB54 /* Sources */ = {
			isa = PBXSourcesBuildPhase;
			buildActionMask = 2147483647;
			files = (
				1D60589B0D05DD56006BFB54 /* main.m in Sources */,
				1D3623260D0F684500981E51 /* TinCanAppDelegate.m in Sources */,
				3AC2B9191198715A0071F912 /* ParticipantView.m in Sources */,
				3AC2B91C119871670071F912 /* Todo.m in Sources */,
				3AC2B9D41198BB120071F912 /* UIColor+Util.m in Sources */,
				3AC2BAA01199D89C0071F912 /* TodoItemView.m in Sources */,
				3AC2BD8911A33DDE0071F912 /* NSObject+SBJSON.m in Sources */,
				3AC2BD8A11A33DDE0071F912 /* NSString+SBJSON.m in Sources */,
				3AC2BD8B11A33DDE0071F912 /* SBJSON.m in Sources */,
				3AC2BD8C11A33DDE0071F912 /* SBJsonBase.m in Sources */,
				3AC2BD8D11A33DDE0071F912 /* SBJsonParser.m in Sources */,
				3AC2BD8E11A33DDE0071F912 /* SBJsonWriter.m in Sources */,
				3AC2BD9411A340080071F912 /* TodoUpdateOperation.m in Sources */,
				3AC2BF0511A490720071F912 /* Participant.m in Sources */,
				3AC2C21411A5B62C0071F912 /* ASIAuthenticationDialog.m in Sources */,
				3AC2C21511A5B62C0071F912 /* ASIFormDataRequest.m in Sources */,
				3AC2C21611A5B62C0071F912 /* ASIHTTPRequest.m in Sources */,
				3AC2C21711A5B62C0071F912 /* ASIInputStream.m in Sources */,
				3AC2C21811A5B62C0071F912 /* ASINetworkQueue.m in Sources */,
				3AC2C21911A5B62C0071F912 /* ASINSStringAdditions.m in Sources */,
				3AC2C23911A5B9890071F912 /* Reachability.m in Sources */,
				3AB0BC3811A5D73C003A91EB /* MeetingTimerView.m in Sources */,
				3AA06B7411A9C1DA00C3D279 /* DragManager.m in Sources */,
				3A57217F11EB7515004C2687 /* MeetingViewController.m in Sources */,
				3A57237811EBDE0B004C2687 /* TinCanViewController.m in Sources */,
				DA96F0F811EE525500B64D3D /* HeaderView.m in Sources */,
				DA96F0F911EE525500B64D3D /* LocationCell.m in Sources */,
				DA96F0FA11EE525500B64D3D /* LocationCellView.m in Sources */,
				DA96F0FB11EE525500B64D3D /* LocationViewController.m in Sources */,
				DA96F0FC11EE525500B64D3D /* LoginAppDelegate.m in Sources */,
				DA96F0FD11EE525500B64D3D /* LoginMasterViewController.m in Sources */,
				DA96F0FE11EE525500B64D3D /* LogoView.m in Sources */,
				DA96F0FF11EE525500B64D3D /* RoomCell.m in Sources */,
				DA96F10011EE525500B64D3D /* RoomCellView.m in Sources */,
				DA96F10111EE525500B64D3D /* RoomViewController.m in Sources */,
				DA96F10B11EE52DA00B64D3D /* DetailViewController.m in Sources */,
				DA96F10C11EE52DA00B64D3D /* RootViewController.m in Sources */,
				DA96F10D11EE52DA00B64D3D /* SettingsAppDelegate.m in Sources */,
				3A2A6A3C11EE5ED300FF373C /* SynchronizedObject.m in Sources */,
				3A2A6A3F11EE696000FF373C /* StateManager.m in Sources */,
				3A2A6A5A11EE73F800FF373C /* User.m in Sources */,
				3A2A6A5D11EE74A500FF373C /* Actor.m in Sources */,
				3A2A6AAC11EF65C400FF373C /* Location.m in Sources */,
				3A2A6AC811EFDAF500FF373C /* Meeting.m in Sources */,
				3A2A6ACB11EFDB0E00FF373C /* Room.m in Sources */,
				3A2A6C7C11F0D86500FF373C /* ConnectionManager.m in Sources */,
				3A2A6C9811F0F68300FF373C /* Event.m in Sources */,
				DA767ACC11F78D9D00184827 /* TimerBar.m in Sources */,
				3AC6BB5A1200D4610002FD52 /* Topic.m in Sources */,
				3AC6BB5F1200D6050002FD52 /* BaseMeetingObject.m in Sources */,
				3AC6BB7C1200F0280002FD52 /* Task.m in Sources */,
				DA7FD24A12086F74007A9217 /* WebViewController.m in Sources */,
				DA7FD27A1208A127007A9217 /* TaskView.m in Sources */,
				DA7FD3E11209E424007A9217 /* TaskContainerView.m in Sources */,
				3AD66C4D120B0CBE00F974DA /* UserView.m in Sources */,
				3AD66E5B120B80C000F974DA /* UserRenderView.m in Sources */,
				DA707CCD1212F9C40057B509 /* TopicView.m in Sources */,
				DA707CD01212F9EB0057B509 /* TopicContainerView.m in Sources */,
				3AD674461214A56900F974DA /* UserContainer.m in Sources */,
				DA72601F1215A116008A0E0C /* LocationView.m in Sources */,
				DA7260221215A15E008A0E0C /* LocationContainerView.m in Sources */,
			);
			runOnlyForDeploymentPostprocessing = 0;
		};
/* End PBXSourcesBuildPhase section */

/* Begin XCBuildConfiguration section */
		1D6058940D05DD3E006BFB54 /* Debug */ = {
			isa = XCBuildConfiguration;
			buildSettings = {
				ALWAYS_SEARCH_USER_PATHS = NO;
				ARCHS = "$(ARCHS_UNIVERSAL_IPHONE_OS)";
				COPY_PHASE_STRIP = NO;
				GCC_DYNAMIC_NO_PIC = NO;
				GCC_OPTIMIZATION_LEVEL = 0;
				GCC_PRECOMPILE_PREFIX_HEADER = YES;
				GCC_PREFIX_HEADER = TinCan_Prefix.pch;
				INFOPLIST_FILE = "TinCan-Info.plist";
				PRODUCT_NAME = TinCan;
				VALID_ARCHS = armv7;
			};
			name = Debug;
		};
		1D6058950D05DD3E006BFB54 /* Release */ = {
			isa = XCBuildConfiguration;
			buildSettings = {
				ALWAYS_SEARCH_USER_PATHS = NO;
				COPY_PHASE_STRIP = YES;
				GCC_PRECOMPILE_PREFIX_HEADER = YES;
				GCC_PREFIX_HEADER = TinCan_Prefix.pch;
				INFOPLIST_FILE = "TinCan-Info.plist";
				PRODUCT_NAME = TinCan;
				VALIDATE_PRODUCT = YES;
			};
			name = Release;
		};
		C01FCF4F08A954540054247B /* Debug */ = {
			isa = XCBuildConfiguration;
			buildSettings = {
				ARCHS = "$(ARCHS_UNIVERSAL_IPHONE_OS)";
				"ARCHS[sdk=iphoneos*]" = armv7;
				"ARCHS[sdk=iphonesimulator*]" = i386;
				"CODE_SIGN_IDENTITY[sdk=iphoneos*]" = "iPhone Developer";
				GCC_C_LANGUAGE_STANDARD = c99;
				GCC_WARN_ABOUT_RETURN_TYPE = YES;
				GCC_WARN_UNUSED_VARIABLE = YES;
				ONLY_ACTIVE_ARCH = NO;
				PREBINDING = NO;
				SDKROOT = iphonesimulator3.2;
				TARGETED_DEVICE_FAMILY = 2;
				VALID_ARCHS = armv7;
			};
			name = Debug;
		};
		C01FCF5008A954540054247B /* Release */ = {
			isa = XCBuildConfiguration;
			buildSettings = {
				ARCHS = "$(ARCHS_UNIVERSAL_IPHONE_OS)";
				"ARCHS[sdk=iphoneos*]" = armv7;
				"ARCHS[sdk=iphonesimulator*]" = i386;
				"CODE_SIGN_IDENTITY[sdk=iphoneos*]" = "iPhone Developer";
				GCC_C_LANGUAGE_STANDARD = c99;
				GCC_WARN_ABOUT_RETURN_TYPE = YES;
				GCC_WARN_UNUSED_VARIABLE = YES;
				ONLY_ACTIVE_ARCH = YES;
				OTHER_CFLAGS = "-DNS_BLOCK_ASSERTIONS=1";
				PREBINDING = NO;
				SDKROOT = iphonesimulator3.2;
				TARGETED_DEVICE_FAMILY = 2;
				VALID_ARCHS = armv7;
			};
			name = Release;
		};
/* End XCBuildConfiguration section */

/* Begin XCConfigurationList section */
		1D6058960D05DD3E006BFB54 /* Build configuration list for PBXNativeTarget "TinCan" */ = {
			isa = XCConfigurationList;
			buildConfigurations = (
				1D6058940D05DD3E006BFB54 /* Debug */,
				1D6058950D05DD3E006BFB54 /* Release */,
			);
			defaultConfigurationIsVisible = 0;
			defaultConfigurationName = Release;
		};
		C01FCF4E08A954540054247B /* Build configuration list for PBXProject "TinCan" */ = {
			isa = XCConfigurationList;
			buildConfigurations = (
				C01FCF4F08A954540054247B /* Debug */,
				C01FCF5008A954540054247B /* Release */,
			);
			defaultConfigurationIsVisible = 0;
			defaultConfigurationName = Release;
		};
/* End XCConfigurationList section */
	};
	rootObject = 29B97313FDCFA39411CA2CEA /* Project object */;
}
