// !$*UTF8*$!
{
	archiveVersion = 1;
	classes = {
	};
	objectVersion = 46;
	objects = {

/* Begin PBXBuildFile section */
		1D3623260D0F684500981E51 /* TinCanAppDelegate.m in Sources */ = {isa = PBXBuildFile; fileRef = 1D3623250D0F684500981E51 /* TinCanAppDelegate.m */; };
		1D60589B0D05DD56006BFB54 /* main.m in Sources */ = {isa = PBXBuildFile; fileRef = 29B97316FDCFA39411CA2CEA /* main.m */; };
		1D60589F0D05DD5A006BFB54 /* Foundation.framework in Frameworks */ = {isa = PBXBuildFile; fileRef = 1D30AB110D05D00D00671497 /* Foundation.framework */; };
		1DF5F4E00D08C38300B7A737 /* UIKit.framework in Frameworks */ = {isa = PBXBuildFile; fileRef = 1DF5F4DF0D08C38300B7A737 /* UIKit.framework */; };
		288765A50DF7441C002DB57D /* CoreGraphics.framework in Frameworks */ = {isa = PBXBuildFile; fileRef = 288765A40DF7441C002DB57D /* CoreGraphics.framework */; };
		2899E5220DE3E06400AC0155 /* TinCanViewController.xib in Resources */ = {isa = PBXBuildFile; fileRef = 2899E5210DE3E06400AC0155 /* TinCanViewController.xib */; };
		28AD733F0D9D9553002E5188 /* MainWindow.xib in Resources */ = {isa = PBXBuildFile; fileRef = 28AD733E0D9D9553002E5188 /* MainWindow.xib */; };
		3A0B2C27127B5A69002C08A1 /* TimelineContainerView.m in Sources */ = {isa = PBXBuildFile; fileRef = 3A0B2C26127B5A69002C08A1 /* TimelineContainerView.m */; };
		3A0B2C2E127B6AC7002C08A1 /* EventView.m in Sources */ = {isa = PBXBuildFile; fileRef = 3A0B2C2C127B6AC7002C08A1 /* EventView.m */; };
		3A12614812ADA1DC005D05FA /* AddItemController.m in Sources */ = {isa = PBXBuildFile; fileRef = 3A12614712ADA1DC005D05FA /* AddItemController.m */; };
		3A2A6A3C11EE5ED300FF373C /* SynchronizedObject.m in Sources */ = {isa = PBXBuildFile; fileRef = 3A2A6A3B11EE5ED300FF373C /* SynchronizedObject.m */; };
		3A2A6A3F11EE696000FF373C /* StateManager.m in Sources */ = {isa = PBXBuildFile; fileRef = 3A2A6A3E11EE696000FF373C /* StateManager.m */; };
		3A2A6A5A11EE73F800FF373C /* User.m in Sources */ = {isa = PBXBuildFile; fileRef = 3A2A6A5911EE73F800FF373C /* User.m */; };
		3A2A6A5D11EE74A500FF373C /* Actor.m in Sources */ = {isa = PBXBuildFile; fileRef = 3A2A6A5C11EE74A500FF373C /* Actor.m */; };
		3A2A6AAC11EF65C400FF373C /* Location.m in Sources */ = {isa = PBXBuildFile; fileRef = 3A2A6AAB11EF65C400FF373C /* Location.m */; };
		3A2A6AC811EFDAF500FF373C /* Meeting.m in Sources */ = {isa = PBXBuildFile; fileRef = 3A2A6AC711EFDAF500FF373C /* Meeting.m */; };
		3A2A6ACB11EFDB0E00FF373C /* Room.m in Sources */ = {isa = PBXBuildFile; fileRef = 3A2A6ACA11EFDB0E00FF373C /* Room.m */; };
		3A2A6C7C11F0D86500FF373C /* ConnectionManager.m in Sources */ = {isa = PBXBuildFile; fileRef = 3A2A6C7B11F0D86500FF373C /* ConnectionManager.m */; };
		3A2A6C9811F0F68300FF373C /* Event.m in Sources */ = {isa = PBXBuildFile; fileRef = 3A2A6C9711F0F68300FF373C /* Event.m */; };
		3A434A75131842B2008C803C /* UIApplication+ScreenMirroring.m in Sources */ = {isa = PBXBuildFile; fileRef = 3A434A74131842B2008C803C /* UIApplication+ScreenMirroring.m */; };
		3A434C00131890A2008C803C /* TaskContainerContentView.m in Sources */ = {isa = PBXBuildFile; fileRef = 3A434BFF131890A2008C803C /* TaskContainerContentView.m */; };
		3A4941B8124D209B0068C6D6 /* DragManager.m in Sources */ = {isa = PBXBuildFile; fileRef = 3A4941B7124D209B0068C6D6 /* DragManager.m */; };
		3A57217F11EB7515004C2687 /* MeetingViewController.m in Sources */ = {isa = PBXBuildFile; fileRef = 3A57217E11EB7515004C2687 /* MeetingViewController.m */; };
		3A57237811EBDE0B004C2687 /* TinCanViewController.m in Sources */ = {isa = PBXBuildFile; fileRef = 3A57237711EBDE0B004C2687 /* TinCanViewController.m */; };
		3A82D449126F9CD5007AFA3D /* LocationBorderView.m in Sources */ = {isa = PBXBuildFile; fileRef = 3A82D448126F9CD5007AFA3D /* LocationBorderView.m */; };
		3A95E0631264B92700518580 /* QuartzCore.framework in Frameworks */ = {isa = PBXBuildFile; fileRef = 3A95E0621264B92700518580 /* QuartzCore.framework */; };
		3AA06D1411AAD1C500C3D279 /* Icon.png in Resources */ = {isa = PBXBuildFile; fileRef = 3AA06D1311AAD1C500C3D279 /* Icon.png */; };
		3AA2DDE31261178800235573 /* full_logo.png in Resources */ = {isa = PBXBuildFile; fileRef = 3AA2DDE21261178800235573 /* full_logo.png */; };
		3AB0BC3811A5D73C003A91EB /* MeetingTimerView.m in Sources */ = {isa = PBXBuildFile; fileRef = 3AB0BC3711A5D73C003A91EB /* MeetingTimerView.m */; };
		3AC2B9D41198BB120071F912 /* UIColor+Util.m in Sources */ = {isa = PBXBuildFile; fileRef = 3AC2B9D31198BB120071F912 /* UIColor+Util.m */; };
		3AC2BD8911A33DDE0071F912 /* NSObject+SBJSON.m in Sources */ = {isa = PBXBuildFile; fileRef = 3AC2BD7E11A33DDE0071F912 /* NSObject+SBJSON.m */; };
		3AC2BD8A11A33DDE0071F912 /* NSString+SBJSON.m in Sources */ = {isa = PBXBuildFile; fileRef = 3AC2BD8011A33DDE0071F912 /* NSString+SBJSON.m */; };
		3AC2BD8B11A33DDE0071F912 /* SBJSON.m in Sources */ = {isa = PBXBuildFile; fileRef = 3AC2BD8211A33DDE0071F912 /* SBJSON.m */; };
		3AC2BD8C11A33DDE0071F912 /* SBJsonBase.m in Sources */ = {isa = PBXBuildFile; fileRef = 3AC2BD8411A33DDE0071F912 /* SBJsonBase.m */; };
		3AC2BD8D11A33DDE0071F912 /* SBJsonParser.m in Sources */ = {isa = PBXBuildFile; fileRef = 3AC2BD8611A33DDE0071F912 /* SBJsonParser.m */; };
		3AC2BD8E11A33DDE0071F912 /* SBJsonWriter.m in Sources */ = {isa = PBXBuildFile; fileRef = 3AC2BD8811A33DDE0071F912 /* SBJsonWriter.m */; };
		3AC2C21411A5B62C0071F912 /* ASIAuthenticationDialog.m in Sources */ = {isa = PBXBuildFile; fileRef = 3AC2C20611A5B62C0071F912 /* ASIAuthenticationDialog.m */; };
		3AC2C21511A5B62C0071F912 /* ASIFormDataRequest.m in Sources */ = {isa = PBXBuildFile; fileRef = 3AC2C20811A5B62C0071F912 /* ASIFormDataRequest.m */; };
		3AC2C21611A5B62C0071F912 /* ASIHTTPRequest.m in Sources */ = {isa = PBXBuildFile; fileRef = 3AC2C20A11A5B62C0071F912 /* ASIHTTPRequest.m */; };
		3AC2C21711A5B62C0071F912 /* ASIInputStream.m in Sources */ = {isa = PBXBuildFile; fileRef = 3AC2C20E11A5B62C0071F912 /* ASIInputStream.m */; };
		3AC2C21811A5B62C0071F912 /* ASINetworkQueue.m in Sources */ = {isa = PBXBuildFile; fileRef = 3AC2C21011A5B62C0071F912 /* ASINetworkQueue.m */; };
		3AC2C21911A5B62C0071F912 /* ASINSStringAdditions.m in Sources */ = {isa = PBXBuildFile; fileRef = 3AC2C21211A5B62C0071F912 /* ASINSStringAdditions.m */; };
		3AC2C22311A5B72A0071F912 /* SystemConfiguration.framework in Frameworks */ = {isa = PBXBuildFile; fileRef = 3AC2C22211A5B72A0071F912 /* SystemConfiguration.framework */; };
		3AC2C22711A5B73D0071F912 /* MobileCoreServices.framework in Frameworks */ = {isa = PBXBuildFile; fileRef = 3AC2C22611A5B73D0071F912 /* MobileCoreServices.framework */; };
		3AC2C22B11A5B7520071F912 /* libz.1.2.3.dylib in Frameworks */ = {isa = PBXBuildFile; fileRef = 3AC2C22A11A5B7520071F912 /* libz.1.2.3.dylib */; };
		3AC2C23911A5B9890071F912 /* Reachability.m in Sources */ = {isa = PBXBuildFile; fileRef = 3AC2C23811A5B9890071F912 /* Reachability.m */; };
		3AC2C25A11A5BA500071F912 /* CFNetwork.framework in Frameworks */ = {isa = PBXBuildFile; fileRef = 3AC2C25911A5BA500071F912 /* CFNetwork.framework */; };
		3AC6BB5A1200D4610002FD52 /* Topic.m in Sources */ = {isa = PBXBuildFile; fileRef = 3AC6BB591200D4610002FD52 /* Topic.m */; };
		3AC6BB5F1200D6050002FD52 /* BaseMeetingObject.m in Sources */ = {isa = PBXBuildFile; fileRef = 3AC6BB5E1200D6050002FD52 /* BaseMeetingObject.m */; };
		3AC6BB7C1200F0280002FD52 /* Task.m in Sources */ = {isa = PBXBuildFile; fileRef = 3AC6BB7B1200F0280002FD52 /* Task.m */; };
		3AD2CFB41293198400C31515 /* note_add.png in Resources */ = {isa = PBXBuildFile; fileRef = 3AD2CFAE1293198400C31515 /* note_add.png */; };
		3AD2CFB51293198400C31515 /* note_go.png in Resources */ = {isa = PBXBuildFile; fileRef = 3AD2CFAF1293198400C31515 /* note_go.png */; };
		3AD2CFB61293198400C31515 /* time_add.png in Resources */ = {isa = PBXBuildFile; fileRef = 3AD2CFB01293198400C31515 /* time_add.png */; };
		3AD2CFB71293198400C31515 /* time_go.png in Resources */ = {isa = PBXBuildFile; fileRef = 3AD2CFB11293198400C31515 /* time_go.png */; };
		3AD2CFB81293198400C31515 /* user_add.png in Resources */ = {isa = PBXBuildFile; fileRef = 3AD2CFB21293198400C31515 /* user_add.png */; };
		3AD2CFB91293198400C31515 /* user_delete.png in Resources */ = {isa = PBXBuildFile; fileRef = 3AD2CFB31293198400C31515 /* user_delete.png */; };
		3AD2CFCA12931B0000C31515 /* error.png in Resources */ = {isa = PBXBuildFile; fileRef = 3AD2CFC912931B0000C31515 /* error.png */; };
		3AD2D0991294798700C31515 /* NSString+Util.m in Sources */ = {isa = PBXBuildFile; fileRef = 3AD2D0981294798700C31515 /* NSString+Util.m */; };
		3AD2D0BC1294830A00C31515 /* CurrentTopicView.m in Sources */ = {isa = PBXBuildFile; fileRef = 3AD2D0BB1294830A00C31515 /* CurrentTopicView.m */; };
		3AD2D16A1295B09200C31515 /* TopicContainerContentView.m in Sources */ = {isa = PBXBuildFile; fileRef = 3AD2D1691295B09200C31515 /* TopicContainerContentView.m */; };
		3AD2D2621295D21500C31515 /* EventContainerContentView.m in Sources */ = {isa = PBXBuildFile; fileRef = 3AD2D2611295D21500C31515 /* EventContainerContentView.m */; };
		3AD2D2FC1296F9AF00C31515 /* ServerSelectViewController.m in Sources */ = {isa = PBXBuildFile; fileRef = 3AD2D2FB1296F9AF00C31515 /* ServerSelectViewController.m */; };
		3AD66C4D120B0CBE00F974DA /* UserView.m in Sources */ = {isa = PBXBuildFile; fileRef = 3AD66C4C120B0CBE00F974DA /* UserView.m */; };
		3AD66E5B120B80C000F974DA /* UserRenderView.m in Sources */ = {isa = PBXBuildFile; fileRef = 3AD66E5A120B80C000F974DA /* UserRenderView.m */; };
		3AD6A072131C55C900802D2D /* TrashView.m in Sources */ = {isa = PBXBuildFile; fileRef = 3AD6A071131C55C900802D2D /* TrashView.m */; };
		3AD6A1BE131D94BA00802D2D /* UIView+Rounded.m in Sources */ = {isa = PBXBuildFile; fileRef = 3AD6A1BD131D94BA00802D2D /* UIView+Rounded.m */; };
		DA707CCD1212F9C40057B509 /* TopicView.m in Sources */ = {isa = PBXBuildFile; fileRef = DA707CCC1212F9C40057B509 /* TopicView.m */; };
		DA707CD01212F9EB0057B509 /* TopicContainerView.m in Sources */ = {isa = PBXBuildFile; fileRef = DA707CCF1212F9EB0057B509 /* TopicContainerView.m */; };
		DA72601F1215A116008A0E0C /* LocationView.m in Sources */ = {isa = PBXBuildFile; fileRef = DA72601E1215A116008A0E0C /* LocationView.m */; };
		DA767ACC11F78D9D00184827 /* TimerBar.m in Sources */ = {isa = PBXBuildFile; fileRef = DA767ACB11F78D9D00184827 /* TimerBar.m */; };
		DA7FD24A12086F74007A9217 /* WebViewController.m in Sources */ = {isa = PBXBuildFile; fileRef = DA7FD24912086F74007A9217 /* WebViewController.m */; };
		DA7FD27A1208A127007A9217 /* TaskView.m in Sources */ = {isa = PBXBuildFile; fileRef = DA7FD2791208A127007A9217 /* TaskView.m */; };
		DA7FD3E11209E424007A9217 /* TaskContainerView.m in Sources */ = {isa = PBXBuildFile; fileRef = DA7FD3E01209E424007A9217 /* TaskContainerView.m */; };
		DA96F0F811EE525500B64D3D /* HeaderView.m in Sources */ = {isa = PBXBuildFile; fileRef = DA96F0E311EE525500B64D3D /* HeaderView.m */; };
		DA96F0F911EE525500B64D3D /* UserCell.m in Sources */ = {isa = PBXBuildFile; fileRef = DA96F0E511EE525500B64D3D /* UserCell.m */; };
		DA96F0FA11EE525500B64D3D /* UserCellView.m in Sources */ = {isa = PBXBuildFile; fileRef = DA96F0E711EE525500B64D3D /* UserCellView.m */; };
		DA96F0FB11EE525500B64D3D /* UserViewController.m in Sources */ = {isa = PBXBuildFile; fileRef = DA96F0E911EE525500B64D3D /* UserViewController.m */; };
		DA96F0FC11EE525500B64D3D /* LoginAppDelegate.m in Sources */ = {isa = PBXBuildFile; fileRef = DA96F0EB11EE525500B64D3D /* LoginAppDelegate.m */; };
		DA96F0FD11EE525500B64D3D /* LoginMasterViewController.m in Sources */ = {isa = PBXBuildFile; fileRef = DA96F0ED11EE525500B64D3D /* LoginMasterViewController.m */; };
		DA96F0FE11EE525500B64D3D /* LogoView.m in Sources */ = {isa = PBXBuildFile; fileRef = DA96F0EF11EE525500B64D3D /* LogoView.m */; };
		DA96F0FF11EE525500B64D3D /* RoomCell.m in Sources */ = {isa = PBXBuildFile; fileRef = DA96F0F111EE525500B64D3D /* RoomCell.m */; };
		DA96F10011EE525500B64D3D /* RoomCellView.m in Sources */ = {isa = PBXBuildFile; fileRef = DA96F0F311EE525500B64D3D /* RoomCellView.m */; };
		DA96F10111EE525500B64D3D /* RoomViewController.m in Sources */ = {isa = PBXBuildFile; fileRef = DA96F0F511EE525500B64D3D /* RoomViewController.m */; };
		DA96F10B11EE52DA00B64D3D /* DetailViewController.m in Sources */ = {isa = PBXBuildFile; fileRef = DA96F10611EE52DA00B64D3D /* DetailViewController.m */; };
		DA96F10C11EE52DA00B64D3D /* RootViewController.m in Sources */ = {isa = PBXBuildFile; fileRef = DA96F10811EE52DA00B64D3D /* RootViewController.m */; };
		DA96F10D11EE52DA00B64D3D /* SettingsAppDelegate.m in Sources */ = {isa = PBXBuildFile; fileRef = DA96F10A11EE52DA00B64D3D /* SettingsAppDelegate.m */; };
/* End PBXBuildFile section */

/* Begin PBXFileReference section */
		1D30AB110D05D00D00671497 /* Foundation.framework */ = {isa = PBXFileReference; lastKnownFileType = wrapper.framework; name = Foundation.framework; path = System/Library/Frameworks/Foundation.framework; sourceTree = SDKROOT; };
		1D3623240D0F684500981E51 /* TinCanAppDelegate.h */ = {isa = PBXFileReference; fileEncoding = 4; lastKnownFileType = sourcecode.c.h; path = TinCanAppDelegate.h; sourceTree = "<group>"; };
		1D3623250D0F684500981E51 /* TinCanAppDelegate.m */ = {isa = PBXFileReference; fileEncoding = 4; lastKnownFileType = sourcecode.c.objc; path = TinCanAppDelegate.m; sourceTree = "<group>"; };
		1D6058910D05DD3D006BFB54 /* TinCan.app */ = {isa = PBXFileReference; explicitFileType = wrapper.application; includeInIndex = 0; path = TinCan.app; sourceTree = BUILT_PRODUCTS_DIR; };
		1DF5F4DF0D08C38300B7A737 /* UIKit.framework */ = {isa = PBXFileReference; lastKnownFileType = wrapper.framework; name = UIKit.framework; path = System/Library/Frameworks/UIKit.framework; sourceTree = SDKROOT; };
		288765A40DF7441C002DB57D /* CoreGraphics.framework */ = {isa = PBXFileReference; lastKnownFileType = wrapper.framework; name = CoreGraphics.framework; path = System/Library/Frameworks/CoreGraphics.framework; sourceTree = SDKROOT; };
		2899E5210DE3E06400AC0155 /* TinCanViewController.xib */ = {isa = PBXFileReference; lastKnownFileType = file.xib; path = TinCanViewController.xib; sourceTree = "<group>"; };
		28AD733E0D9D9553002E5188 /* MainWindow.xib */ = {isa = PBXFileReference; lastKnownFileType = file.xib; path = MainWindow.xib; sourceTree = "<group>"; };
		29B97316FDCFA39411CA2CEA /* main.m */ = {isa = PBXFileReference; fileEncoding = 4; lastKnownFileType = sourcecode.c.objc; path = main.m; sourceTree = "<group>"; };
		32CA4F630368D1EE00C91783 /* TinCan_Prefix.pch */ = {isa = PBXFileReference; fileEncoding = 4; lastKnownFileType = sourcecode.c.h; path = TinCan_Prefix.pch; sourceTree = "<group>"; };
		3A0B2C25127B5A69002C08A1 /* TimelineContainerView.h */ = {isa = PBXFileReference; fileEncoding = 4; lastKnownFileType = sourcecode.c.h; path = TimelineContainerView.h; sourceTree = "<group>"; };
		3A0B2C26127B5A69002C08A1 /* TimelineContainerView.m */ = {isa = PBXFileReference; fileEncoding = 4; lastKnownFileType = sourcecode.c.objc; path = TimelineContainerView.m; sourceTree = "<group>"; };
		3A0B2C2C127B6AC7002C08A1 /* EventView.m */ = {isa = PBXFileReference; fileEncoding = 4; lastKnownFileType = sourcecode.c.objc; path = EventView.m; sourceTree = "<group>"; };
		3A0B2C2D127B6AC7002C08A1 /* EventView.h */ = {isa = PBXFileReference; fileEncoding = 4; lastKnownFileType = sourcecode.c.h; path = EventView.h; sourceTree = "<group>"; };
		3A12614612ADA1DC005D05FA /* AddItemController.h */ = {isa = PBXFileReference; fileEncoding = 4; lastKnownFileType = sourcecode.c.h; path = AddItemController.h; sourceTree = "<group>"; };
		3A12614712ADA1DC005D05FA /* AddItemController.m */ = {isa = PBXFileReference; fileEncoding = 4; lastKnownFileType = sourcecode.c.objc; path = AddItemController.m; sourceTree = "<group>"; };
		3A2A6A3A11EE5ED300FF373C /* SynchronizedObject.h */ = {isa = PBXFileReference; fileEncoding = 4; lastKnownFileType = sourcecode.c.h; path = SynchronizedObject.h; sourceTree = "<group>"; };
		3A2A6A3B11EE5ED300FF373C /* SynchronizedObject.m */ = {isa = PBXFileReference; fileEncoding = 4; lastKnownFileType = sourcecode.c.objc; path = SynchronizedObject.m; sourceTree = "<group>"; };
		3A2A6A3D11EE696000FF373C /* StateManager.h */ = {isa = PBXFileReference; fileEncoding = 4; lastKnownFileType = sourcecode.c.h; path = StateManager.h; sourceTree = "<group>"; };
		3A2A6A3E11EE696000FF373C /* StateManager.m */ = {isa = PBXFileReference; fileEncoding = 4; lastKnownFileType = sourcecode.c.objc; path = StateManager.m; sourceTree = "<group>"; };
		3A2A6A5811EE73F800FF373C /* User.h */ = {isa = PBXFileReference; fileEncoding = 4; lastKnownFileType = sourcecode.c.h; path = User.h; sourceTree = "<group>"; };
		3A2A6A5911EE73F800FF373C /* User.m */ = {isa = PBXFileReference; fileEncoding = 4; lastKnownFileType = sourcecode.c.objc; path = User.m; sourceTree = "<group>"; };
		3A2A6A5B11EE74A500FF373C /* Actor.h */ = {isa = PBXFileReference; fileEncoding = 4; lastKnownFileType = sourcecode.c.h; path = Actor.h; sourceTree = "<group>"; };
		3A2A6A5C11EE74A500FF373C /* Actor.m */ = {isa = PBXFileReference; fileEncoding = 4; lastKnownFileType = sourcecode.c.objc; path = Actor.m; sourceTree = "<group>"; };
		3A2A6AAA11EF65C400FF373C /* Location.h */ = {isa = PBXFileReference; fileEncoding = 4; lastKnownFileType = sourcecode.c.h; path = Location.h; sourceTree = "<group>"; };
		3A2A6AAB11EF65C400FF373C /* Location.m */ = {isa = PBXFileReference; fileEncoding = 4; lastKnownFileType = sourcecode.c.objc; path = Location.m; sourceTree = "<group>"; };
		3A2A6AC611EFDAF500FF373C /* Meeting.h */ = {isa = PBXFileReference; fileEncoding = 4; lastKnownFileType = sourcecode.c.h; path = Meeting.h; sourceTree = "<group>"; };
		3A2A6AC711EFDAF500FF373C /* Meeting.m */ = {isa = PBXFileReference; fileEncoding = 4; lastKnownFileType = sourcecode.c.objc; path = Meeting.m; sourceTree = "<group>"; };
		3A2A6AC911EFDB0E00FF373C /* Room.h */ = {isa = PBXFileReference; fileEncoding = 4; lastKnownFileType = sourcecode.c.h; path = Room.h; sourceTree = "<group>"; };
		3A2A6ACA11EFDB0E00FF373C /* Room.m */ = {isa = PBXFileReference; fileEncoding = 4; lastKnownFileType = sourcecode.c.objc; path = Room.m; sourceTree = "<group>"; };
		3A2A6B8B11F0B15600FF373C /* tincan.h */ = {isa = PBXFileReference; fileEncoding = 4; lastKnownFileType = sourcecode.c.h; path = tincan.h; sourceTree = "<group>"; };
		3A2A6C7A11F0D86500FF373C /* ConnectionManager.h */ = {isa = PBXFileReference; fileEncoding = 4; lastKnownFileType = sourcecode.c.h; path = ConnectionManager.h; sourceTree = "<group>"; };
		3A2A6C7B11F0D86500FF373C /* ConnectionManager.m */ = {isa = PBXFileReference; fileEncoding = 4; lastKnownFileType = sourcecode.c.objc; path = ConnectionManager.m; sourceTree = "<group>"; };
		3A2A6C9611F0F68300FF373C /* Event.h */ = {isa = PBXFileReference; fileEncoding = 4; lastKnownFileType = sourcecode.c.h; path = Event.h; sourceTree = "<group>"; };
		3A2A6C9711F0F68300FF373C /* Event.m */ = {isa = PBXFileReference; fileEncoding = 4; lastKnownFileType = sourcecode.c.objc; path = Event.m; sourceTree = "<group>"; };
		3A434A73131842B2008C803C /* UIApplication+ScreenMirroring.h */ = {isa = PBXFileReference; fileEncoding = 4; lastKnownFileType = sourcecode.c.h; name = "UIApplication+ScreenMirroring.h"; path = "Classes/UIApplication+ScreenMirroring.h"; sourceTree = "<group>"; };
		3A434A74131842B2008C803C /* UIApplication+ScreenMirroring.m */ = {isa = PBXFileReference; fileEncoding = 4; lastKnownFileType = sourcecode.c.objc; name = "UIApplication+ScreenMirroring.m"; path = "Classes/UIApplication+ScreenMirroring.m"; sourceTree = "<group>"; };
		3A434BFE131890A2008C803C /* TaskContainerContentView.h */ = {isa = PBXFileReference; fileEncoding = 4; lastKnownFileType = sourcecode.c.h; path = TaskContainerContentView.h; sourceTree = "<group>"; };
		3A434BFF131890A2008C803C /* TaskContainerContentView.m */ = {isa = PBXFileReference; fileEncoding = 4; lastKnownFileType = sourcecode.c.objc; path = TaskContainerContentView.m; sourceTree = "<group>"; };
		3A4941B6124D209B0068C6D6 /* DragManager.h */ = {isa = PBXFileReference; fileEncoding = 4; lastKnownFileType = sourcecode.c.h; path = DragManager.h; sourceTree = "<group>"; };
		3A4941B7124D209B0068C6D6 /* DragManager.m */ = {isa = PBXFileReference; fileEncoding = 4; lastKnownFileType = sourcecode.c.objc; path = DragManager.m; sourceTree = "<group>"; };
		3A57217D11EB7515004C2687 /* MeetingViewController.h */ = {isa = PBXFileReference; fileEncoding = 4; lastKnownFileType = sourcecode.c.h; path = MeetingViewController.h; sourceTree = "<group>"; };
		3A57217E11EB7515004C2687 /* MeetingViewController.m */ = {isa = PBXFileReference; fileEncoding = 4; lastKnownFileType = sourcecode.c.objc; path = MeetingViewController.m; sourceTree = "<group>"; };
		3A57237611EBDE0B004C2687 /* TinCanViewController.h */ = {isa = PBXFileReference; fileEncoding = 4; lastKnownFileType = sourcecode.c.h; path = TinCanViewController.h; sourceTree = "<group>"; };
		3A57237711EBDE0B004C2687 /* TinCanViewController.m */ = {isa = PBXFileReference; fileEncoding = 4; lastKnownFileType = sourcecode.c.objc; path = TinCanViewController.m; sourceTree = "<group>"; };
		3A82D447126F9CD5007AFA3D /* LocationBorderView.h */ = {isa = PBXFileReference; fileEncoding = 4; lastKnownFileType = sourcecode.c.h; path = LocationBorderView.h; sourceTree = "<group>"; };
		3A82D448126F9CD5007AFA3D /* LocationBorderView.m */ = {isa = PBXFileReference; fileEncoding = 4; lastKnownFileType = sourcecode.c.objc; path = LocationBorderView.m; sourceTree = "<group>"; };
		3A95E0621264B92700518580 /* QuartzCore.framework */ = {isa = PBXFileReference; lastKnownFileType = wrapper.framework; name = QuartzCore.framework; path = System/Library/Frameworks/QuartzCore.framework; sourceTree = SDKROOT; };
		3AA06D1311AAD1C500C3D279 /* Icon.png */ = {isa = PBXFileReference; lastKnownFileType = image.png; path = Icon.png; sourceTree = "<group>"; };
		3AA2DDE21261178800235573 /* full_logo.png */ = {isa = PBXFileReference; lastKnownFileType = image.png; path = full_logo.png; sourceTree = "<group>"; };
		3AB0BC3611A5D73C003A91EB /* MeetingTimerView.h */ = {isa = PBXFileReference; fileEncoding = 4; lastKnownFileType = sourcecode.c.h; path = MeetingTimerView.h; sourceTree = "<group>"; };
		3AB0BC3711A5D73C003A91EB /* MeetingTimerView.m */ = {isa = PBXFileReference; fileEncoding = 4; lastKnownFileType = sourcecode.c.objc; path = MeetingTimerView.m; sourceTree = "<group>"; };
		3AC2B9D21198BB120071F912 /* UIColor+Util.h */ = {isa = PBXFileReference; fileEncoding = 4; lastKnownFileType = sourcecode.c.h; name = "UIColor+Util.h"; path = "Classes/UIColor+Util.h"; sourceTree = "<group>"; };
		3AC2B9D31198BB120071F912 /* UIColor+Util.m */ = {isa = PBXFileReference; fileEncoding = 4; lastKnownFileType = sourcecode.c.objc; name = "UIColor+Util.m"; path = "Classes/UIColor+Util.m"; sourceTree = "<group>"; };
		3AC2BD7C11A33DDE0071F912 /* JSON.h */ = {isa = PBXFileReference; fileEncoding = 4; lastKnownFileType = sourcecode.c.h; path = JSON.h; sourceTree = "<group>"; };
		3AC2BD7D11A33DDE0071F912 /* NSObject+SBJSON.h */ = {isa = PBXFileReference; fileEncoding = 4; lastKnownFileType = sourcecode.c.h; path = "NSObject+SBJSON.h"; sourceTree = "<group>"; };
		3AC2BD7E11A33DDE0071F912 /* NSObject+SBJSON.m */ = {isa = PBXFileReference; fileEncoding = 4; lastKnownFileType = sourcecode.c.objc; path = "NSObject+SBJSON.m"; sourceTree = "<group>"; };
		3AC2BD7F11A33DDE0071F912 /* NSString+SBJSON.h */ = {isa = PBXFileReference; fileEncoding = 4; lastKnownFileType = sourcecode.c.h; path = "NSString+SBJSON.h"; sourceTree = "<group>"; };
		3AC2BD8011A33DDE0071F912 /* NSString+SBJSON.m */ = {isa = PBXFileReference; fileEncoding = 4; lastKnownFileType = sourcecode.c.objc; path = "NSString+SBJSON.m"; sourceTree = "<group>"; };
		3AC2BD8111A33DDE0071F912 /* SBJSON.h */ = {isa = PBXFileReference; fileEncoding = 4; lastKnownFileType = sourcecode.c.h; path = SBJSON.h; sourceTree = "<group>"; };
		3AC2BD8211A33DDE0071F912 /* SBJSON.m */ = {isa = PBXFileReference; fileEncoding = 4; lastKnownFileType = sourcecode.c.objc; path = SBJSON.m; sourceTree = "<group>"; };
		3AC2BD8311A33DDE0071F912 /* SBJsonBase.h */ = {isa = PBXFileReference; fileEncoding = 4; lastKnownFileType = sourcecode.c.h; path = SBJsonBase.h; sourceTree = "<group>"; };
		3AC2BD8411A33DDE0071F912 /* SBJsonBase.m */ = {isa = PBXFileReference; fileEncoding = 4; lastKnownFileType = sourcecode.c.objc; path = SBJsonBase.m; sourceTree = "<group>"; };
		3AC2BD8511A33DDE0071F912 /* SBJsonParser.h */ = {isa = PBXFileReference; fileEncoding = 4; lastKnownFileType = sourcecode.c.h; path = SBJsonParser.h; sourceTree = "<group>"; };
		3AC2BD8611A33DDE0071F912 /* SBJsonParser.m */ = {isa = PBXFileReference; fileEncoding = 4; lastKnownFileType = sourcecode.c.objc; path = SBJsonParser.m; sourceTree = "<group>"; };
		3AC2BD8711A33DDE0071F912 /* SBJsonWriter.h */ = {isa = PBXFileReference; fileEncoding = 4; lastKnownFileType = sourcecode.c.h; path = SBJsonWriter.h; sourceTree = "<group>"; };
		3AC2BD8811A33DDE0071F912 /* SBJsonWriter.m */ = {isa = PBXFileReference; fileEncoding = 4; lastKnownFileType = sourcecode.c.objc; path = SBJsonWriter.m; sourceTree = "<group>"; };
		3AC2C20511A5B62C0071F912 /* ASIAuthenticationDialog.h */ = {isa = PBXFileReference; fileEncoding = 4; lastKnownFileType = sourcecode.c.h; path = ASIAuthenticationDialog.h; sourceTree = "<group>"; };
		3AC2C20611A5B62C0071F912 /* ASIAuthenticationDialog.m */ = {isa = PBXFileReference; fileEncoding = 4; lastKnownFileType = sourcecode.c.objc; path = ASIAuthenticationDialog.m; sourceTree = "<group>"; };
		3AC2C20711A5B62C0071F912 /* ASIFormDataRequest.h */ = {isa = PBXFileReference; fileEncoding = 4; lastKnownFileType = sourcecode.c.h; path = ASIFormDataRequest.h; sourceTree = "<group>"; };
		3AC2C20811A5B62C0071F912 /* ASIFormDataRequest.m */ = {isa = PBXFileReference; fileEncoding = 4; lastKnownFileType = sourcecode.c.objc; path = ASIFormDataRequest.m; sourceTree = "<group>"; };
		3AC2C20911A5B62C0071F912 /* ASIHTTPRequest.h */ = {isa = PBXFileReference; fileEncoding = 4; lastKnownFileType = sourcecode.c.h; path = ASIHTTPRequest.h; sourceTree = "<group>"; };
		3AC2C20A11A5B62C0071F912 /* ASIHTTPRequest.m */ = {isa = PBXFileReference; fileEncoding = 4; lastKnownFileType = sourcecode.c.objc; path = ASIHTTPRequest.m; sourceTree = "<group>"; };
		3AC2C20B11A5B62C0071F912 /* ASIHTTPRequestConfig.h */ = {isa = PBXFileReference; fileEncoding = 4; lastKnownFileType = sourcecode.c.h; path = ASIHTTPRequestConfig.h; sourceTree = "<group>"; };
		3AC2C20C11A5B62C0071F912 /* ASIHTTPRequestDelegate.h */ = {isa = PBXFileReference; fileEncoding = 4; lastKnownFileType = sourcecode.c.h; path = ASIHTTPRequestDelegate.h; sourceTree = "<group>"; };
		3AC2C20D11A5B62C0071F912 /* ASIInputStream.h */ = {isa = PBXFileReference; fileEncoding = 4; lastKnownFileType = sourcecode.c.h; path = ASIInputStream.h; sourceTree = "<group>"; };
		3AC2C20E11A5B62C0071F912 /* ASIInputStream.m */ = {isa = PBXFileReference; fileEncoding = 4; lastKnownFileType = sourcecode.c.objc; path = ASIInputStream.m; sourceTree = "<group>"; };
		3AC2C20F11A5B62C0071F912 /* ASINetworkQueue.h */ = {isa = PBXFileReference; fileEncoding = 4; lastKnownFileType = sourcecode.c.h; path = ASINetworkQueue.h; sourceTree = "<group>"; };
		3AC2C21011A5B62C0071F912 /* ASINetworkQueue.m */ = {isa = PBXFileReference; fileEncoding = 4; lastKnownFileType = sourcecode.c.objc; path = ASINetworkQueue.m; sourceTree = "<group>"; };
		3AC2C21111A5B62C0071F912 /* ASINSStringAdditions.h */ = {isa = PBXFileReference; fileEncoding = 4; lastKnownFileType = sourcecode.c.h; path = ASINSStringAdditions.h; sourceTree = "<group>"; };
		3AC2C21211A5B62C0071F912 /* ASINSStringAdditions.m */ = {isa = PBXFileReference; fileEncoding = 4; lastKnownFileType = sourcecode.c.objc; path = ASINSStringAdditions.m; sourceTree = "<group>"; };
		3AC2C21311A5B62C0071F912 /* ASIProgressDelegate.h */ = {isa = PBXFileReference; fileEncoding = 4; lastKnownFileType = sourcecode.c.h; path = ASIProgressDelegate.h; sourceTree = "<group>"; };
		3AC2C22211A5B72A0071F912 /* SystemConfiguration.framework */ = {isa = PBXFileReference; lastKnownFileType = wrapper.framework; name = SystemConfiguration.framework; path = System/Library/Frameworks/SystemConfiguration.framework; sourceTree = SDKROOT; };
		3AC2C22611A5B73D0071F912 /* MobileCoreServices.framework */ = {isa = PBXFileReference; lastKnownFileType = wrapper.framework; name = MobileCoreServices.framework; path = System/Library/Frameworks/MobileCoreServices.framework; sourceTree = SDKROOT; };
		3AC2C22A11A5B7520071F912 /* libz.1.2.3.dylib */ = {isa = PBXFileReference; lastKnownFileType = "compiled.mach-o.dylib"; name = libz.1.2.3.dylib; path = usr/lib/libz.1.2.3.dylib; sourceTree = SDKROOT; };
		3AC2C23711A5B9890071F912 /* Reachability.h */ = {isa = PBXFileReference; fileEncoding = 4; lastKnownFileType = sourcecode.c.h; path = Reachability.h; sourceTree = "<group>"; };
		3AC2C23811A5B9890071F912 /* Reachability.m */ = {isa = PBXFileReference; fileEncoding = 4; lastKnownFileType = sourcecode.c.objc; path = Reachability.m; sourceTree = "<group>"; };
		3AC2C25911A5BA500071F912 /* CFNetwork.framework */ = {isa = PBXFileReference; lastKnownFileType = wrapper.framework; name = CFNetwork.framework; path = System/Library/Frameworks/CFNetwork.framework; sourceTree = SDKROOT; };
		3AC6BB581200D4610002FD52 /* Topic.h */ = {isa = PBXFileReference; fileEncoding = 4; lastKnownFileType = sourcecode.c.h; path = Topic.h; sourceTree = "<group>"; };
		3AC6BB591200D4610002FD52 /* Topic.m */ = {isa = PBXFileReference; fileEncoding = 4; lastKnownFileType = sourcecode.c.objc; path = Topic.m; sourceTree = "<group>"; };
		3AC6BB5D1200D6050002FD52 /* BaseMeetingObject.h */ = {isa = PBXFileReference; fileEncoding = 4; lastKnownFileType = sourcecode.c.h; path = BaseMeetingObject.h; sourceTree = "<group>"; };
		3AC6BB5E1200D6050002FD52 /* BaseMeetingObject.m */ = {isa = PBXFileReference; fileEncoding = 4; lastKnownFileType = sourcecode.c.objc; path = BaseMeetingObject.m; sourceTree = "<group>"; };
		3AC6BB7A1200F0280002FD52 /* Task.h */ = {isa = PBXFileReference; fileEncoding = 4; lastKnownFileType = sourcecode.c.h; path = Task.h; sourceTree = "<group>"; };
		3AC6BB7B1200F0280002FD52 /* Task.m */ = {isa = PBXFileReference; fileEncoding = 4; lastKnownFileType = sourcecode.c.objc; path = Task.m; sourceTree = "<group>"; };
		3AD2CFAE1293198400C31515 /* note_add.png */ = {isa = PBXFileReference; lastKnownFileType = image.png; name = note_add.png; path = ../../../code/TinCan/ipad/note_add.png; sourceTree = SOURCE_ROOT; };
		3AD2CFAF1293198400C31515 /* note_go.png */ = {isa = PBXFileReference; lastKnownFileType = image.png; name = note_go.png; path = ../../../code/TinCan/ipad/note_go.png; sourceTree = SOURCE_ROOT; };
		3AD2CFB01293198400C31515 /* time_add.png */ = {isa = PBXFileReference; lastKnownFileType = image.png; name = time_add.png; path = ../../../code/TinCan/ipad/time_add.png; sourceTree = SOURCE_ROOT; };
		3AD2CFB11293198400C31515 /* time_go.png */ = {isa = PBXFileReference; lastKnownFileType = image.png; name = time_go.png; path = ../../../code/TinCan/ipad/time_go.png; sourceTree = SOURCE_ROOT; };
		3AD2CFB21293198400C31515 /* user_add.png */ = {isa = PBXFileReference; lastKnownFileType = image.png; name = user_add.png; path = ../../../code/TinCan/ipad/user_add.png; sourceTree = SOURCE_ROOT; };
		3AD2CFB31293198400C31515 /* user_delete.png */ = {isa = PBXFileReference; lastKnownFileType = image.png; name = user_delete.png; path = ../../../code/TinCan/ipad/user_delete.png; sourceTree = SOURCE_ROOT; };
		3AD2CFC912931B0000C31515 /* error.png */ = {isa = PBXFileReference; lastKnownFileType = image.png; name = error.png; path = ../../../code/TinCan/ipad/error.png; sourceTree = SOURCE_ROOT; };
		3AD2D0971294798700C31515 /* NSString+Util.h */ = {isa = PBXFileReference; fileEncoding = 4; lastKnownFileType = sourcecode.c.h; path = "NSString+Util.h"; sourceTree = "<group>"; };
		3AD2D0981294798700C31515 /* NSString+Util.m */ = {isa = PBXFileReference; fileEncoding = 4; lastKnownFileType = sourcecode.c.objc; path = "NSString+Util.m"; sourceTree = "<group>"; };
		3AD2D0BA1294830A00C31515 /* CurrentTopicView.h */ = {isa = PBXFileReference; fileEncoding = 4; lastKnownFileType = sourcecode.c.h; path = CurrentTopicView.h; sourceTree = "<group>"; };
		3AD2D0BB1294830A00C31515 /* CurrentTopicView.m */ = {isa = PBXFileReference; fileEncoding = 4; lastKnownFileType = sourcecode.c.objc; path = CurrentTopicView.m; sourceTree = "<group>"; };
		3AD2D1681295B09200C31515 /* TopicContainerContentView.h */ = {isa = PBXFileReference; fileEncoding = 4; lastKnownFileType = sourcecode.c.h; path = TopicContainerContentView.h; sourceTree = "<group>"; };
		3AD2D1691295B09200C31515 /* TopicContainerContentView.m */ = {isa = PBXFileReference; fileEncoding = 4; lastKnownFileType = sourcecode.c.objc; path = TopicContainerContentView.m; sourceTree = "<group>"; };
		3AD2D2601295D21500C31515 /* EventContainerContentView.h */ = {isa = PBXFileReference; fileEncoding = 4; lastKnownFileType = sourcecode.c.h; path = EventContainerContentView.h; sourceTree = "<group>"; };
		3AD2D2611295D21500C31515 /* EventContainerContentView.m */ = {isa = PBXFileReference; fileEncoding = 4; lastKnownFileType = sourcecode.c.objc; path = EventContainerContentView.m; sourceTree = "<group>"; };
		3AD2D2FA1296F9AF00C31515 /* ServerSelectViewController.h */ = {isa = PBXFileReference; fileEncoding = 4; lastKnownFileType = sourcecode.c.h; path = ServerSelectViewController.h; sourceTree = "<group>"; };
		3AD2D2FB1296F9AF00C31515 /* ServerSelectViewController.m */ = {isa = PBXFileReference; fileEncoding = 4; lastKnownFileType = sourcecode.c.objc; path = ServerSelectViewController.m; sourceTree = "<group>"; };
		3AD66C4B120B0CBE00F974DA /* UserView.h */ = {isa = PBXFileReference; fileEncoding = 4; lastKnownFileType = sourcecode.c.h; path = UserView.h; sourceTree = "<group>"; };
		3AD66C4C120B0CBE00F974DA /* UserView.m */ = {isa = PBXFileReference; fileEncoding = 4; lastKnownFileType = sourcecode.c.objc; path = UserView.m; sourceTree = "<group>"; };
		3AD66E59120B80C000F974DA /* UserRenderView.h */ = {isa = PBXFileReference; fileEncoding = 4; lastKnownFileType = sourcecode.c.h; path = UserRenderView.h; sourceTree = "<group>"; };
		3AD66E5A120B80C000F974DA /* UserRenderView.m */ = {isa = PBXFileReference; fileEncoding = 4; lastKnownFileType = sourcecode.c.objc; path = UserRenderView.m; sourceTree = "<group>"; };
		3AD6A070131C55C900802D2D /* TrashView.h */ = {isa = PBXFileReference; fileEncoding = 4; lastKnownFileType = sourcecode.c.h; path = TrashView.h; sourceTree = "<group>"; };
		3AD6A071131C55C900802D2D /* TrashView.m */ = {isa = PBXFileReference; fileEncoding = 4; lastKnownFileType = sourcecode.c.objc; path = TrashView.m; sourceTree = "<group>"; };
		3AD6A1BC131D94BA00802D2D /* UIView+Rounded.h */ = {isa = PBXFileReference; fileEncoding = 4; lastKnownFileType = sourcecode.c.h; name = "UIView+Rounded.h"; path = "Classes/UIView+Rounded.h"; sourceTree = "<group>"; };
		3AD6A1BD131D94BA00802D2D /* UIView+Rounded.m */ = {isa = PBXFileReference; fileEncoding = 4; lastKnownFileType = sourcecode.c.objc; name = "UIView+Rounded.m"; path = "Classes/UIView+Rounded.m"; sourceTree = "<group>"; };
		3AE11A3D1253A49700A91BC8 /* TaskDropTarget.h */ = {isa = PBXFileReference; fileEncoding = 4; lastKnownFileType = sourcecode.c.h; path = TaskDropTarget.h; sourceTree = "<group>"; };
		8D1107310486CEB800E47090 /* TinCan-Info.plist */ = {isa = PBXFileReference; fileEncoding = 4; lastKnownFileType = text.plist.xml; path = "TinCan-Info.plist"; plistStructureDefinitionIdentifier = "com.apple.xcode.plist.structure-definition.iphone.info-plist"; sourceTree = "<group>"; };
		DA707CCB1212F9C40057B509 /* TopicView.h */ = {isa = PBXFileReference; fileEncoding = 4; lastKnownFileType = sourcecode.c.h; path = TopicView.h; sourceTree = "<group>"; };
		DA707CCC1212F9C40057B509 /* TopicView.m */ = {isa = PBXFileReference; fileEncoding = 4; lastKnownFileType = sourcecode.c.objc; path = TopicView.m; sourceTree = "<group>"; };
		DA707CCE1212F9EB0057B509 /* TopicContainerView.h */ = {isa = PBXFileReference; fileEncoding = 4; lastKnownFileType = sourcecode.c.h; path = TopicContainerView.h; sourceTree = "<group>"; };
		DA707CCF1212F9EB0057B509 /* TopicContainerView.m */ = {isa = PBXFileReference; fileEncoding = 4; lastKnownFileType = sourcecode.c.objc; path = TopicContainerView.m; sourceTree = "<group>"; };
		DA72601D1215A116008A0E0C /* LocationView.h */ = {isa = PBXFileReference; fileEncoding = 4; lastKnownFileType = sourcecode.c.h; path = LocationView.h; sourceTree = "<group>"; };
		DA72601E1215A116008A0E0C /* LocationView.m */ = {isa = PBXFileReference; fileEncoding = 4; lastKnownFileType = sourcecode.c.objc; path = LocationView.m; sourceTree = "<group>"; };
		DA767ACA11F78D9D00184827 /* TimerBar.h */ = {isa = PBXFileReference; fileEncoding = 4; lastKnownFileType = sourcecode.c.h; path = TimerBar.h; sourceTree = "<group>"; };
		DA767ACB11F78D9D00184827 /* TimerBar.m */ = {isa = PBXFileReference; fileEncoding = 4; lastKnownFileType = sourcecode.c.objc; path = TimerBar.m; sourceTree = "<group>"; };
		DA7FD24812086F74007A9217 /* WebViewController.h */ = {isa = PBXFileReference; fileEncoding = 4; lastKnownFileType = sourcecode.c.h; path = WebViewController.h; sourceTree = "<group>"; };
		DA7FD24912086F74007A9217 /* WebViewController.m */ = {isa = PBXFileReference; fileEncoding = 4; lastKnownFileType = sourcecode.c.objc; path = WebViewController.m; sourceTree = "<group>"; };
		DA7FD2781208A127007A9217 /* TaskView.h */ = {isa = PBXFileReference; fileEncoding = 4; lastKnownFileType = sourcecode.c.h; path = TaskView.h; sourceTree = "<group>"; };
		DA7FD2791208A127007A9217 /* TaskView.m */ = {isa = PBXFileReference; fileEncoding = 4; lastKnownFileType = sourcecode.c.objc; path = TaskView.m; sourceTree = "<group>"; };
		DA7FD3DF1209E424007A9217 /* TaskContainerView.h */ = {isa = PBXFileReference; fileEncoding = 4; lastKnownFileType = sourcecode.c.h; path = TaskContainerView.h; sourceTree = "<group>"; };
		DA7FD3E01209E424007A9217 /* TaskContainerView.m */ = {isa = PBXFileReference; fileEncoding = 4; lastKnownFileType = sourcecode.c.objc; path = TaskContainerView.m; sourceTree = "<group>"; };
		DA96F0E211EE525500B64D3D /* HeaderView.h */ = {isa = PBXFileReference; fileEncoding = 4; lastKnownFileType = sourcecode.c.h; path = HeaderView.h; sourceTree = "<group>"; };
		DA96F0E311EE525500B64D3D /* HeaderView.m */ = {isa = PBXFileReference; fileEncoding = 4; lastKnownFileType = sourcecode.c.objc; path = HeaderView.m; sourceTree = "<group>"; };
		DA96F0E411EE525500B64D3D /* UserCell.h */ = {isa = PBXFileReference; fileEncoding = 4; lastKnownFileType = sourcecode.c.h; path = UserCell.h; sourceTree = "<group>"; };
		DA96F0E511EE525500B64D3D /* UserCell.m */ = {isa = PBXFileReference; fileEncoding = 4; lastKnownFileType = sourcecode.c.objc; path = UserCell.m; sourceTree = "<group>"; };
		DA96F0E611EE525500B64D3D /* UserCellView.h */ = {isa = PBXFileReference; fileEncoding = 4; lastKnownFileType = sourcecode.c.h; path = UserCellView.h; sourceTree = "<group>"; };
		DA96F0E711EE525500B64D3D /* UserCellView.m */ = {isa = PBXFileReference; fileEncoding = 4; lastKnownFileType = sourcecode.c.objc; path = UserCellView.m; sourceTree = "<group>"; };
		DA96F0E811EE525500B64D3D /* UserViewController.h */ = {isa = PBXFileReference; fileEncoding = 4; lastKnownFileType = sourcecode.c.h; path = UserViewController.h; sourceTree = "<group>"; };
		DA96F0E911EE525500B64D3D /* UserViewController.m */ = {isa = PBXFileReference; fileEncoding = 4; lastKnownFileType = sourcecode.c.objc; path = UserViewController.m; sourceTree = "<group>"; };
		DA96F0EA11EE525500B64D3D /* LoginAppDelegate.h */ = {isa = PBXFileReference; fileEncoding = 4; lastKnownFileType = sourcecode.c.h; path = LoginAppDelegate.h; sourceTree = "<group>"; };
		DA96F0EB11EE525500B64D3D /* LoginAppDelegate.m */ = {isa = PBXFileReference; fileEncoding = 4; lastKnownFileType = sourcecode.c.objc; path = LoginAppDelegate.m; sourceTree = "<group>"; };
		DA96F0EC11EE525500B64D3D /* LoginMasterViewController.h */ = {isa = PBXFileReference; fileEncoding = 4; lastKnownFileType = sourcecode.c.h; path = LoginMasterViewController.h; sourceTree = "<group>"; };
		DA96F0ED11EE525500B64D3D /* LoginMasterViewController.m */ = {isa = PBXFileReference; fileEncoding = 4; lastKnownFileType = sourcecode.c.objc; path = LoginMasterViewController.m; sourceTree = "<group>"; };
		DA96F0EE11EE525500B64D3D /* LogoView.h */ = {isa = PBXFileReference; fileEncoding = 4; lastKnownFileType = sourcecode.c.h; path = LogoView.h; sourceTree = "<group>"; };
		DA96F0EF11EE525500B64D3D /* LogoView.m */ = {isa = PBXFileReference; fileEncoding = 4; lastKnownFileType = sourcecode.c.objc; path = LogoView.m; sourceTree = "<group>"; };
		DA96F0F011EE525500B64D3D /* RoomCell.h */ = {isa = PBXFileReference; fileEncoding = 4; lastKnownFileType = sourcecode.c.h; path = RoomCell.h; sourceTree = "<group>"; };
		DA96F0F111EE525500B64D3D /* RoomCell.m */ = {isa = PBXFileReference; fileEncoding = 4; lastKnownFileType = sourcecode.c.objc; path = RoomCell.m; sourceTree = "<group>"; };
		DA96F0F211EE525500B64D3D /* RoomCellView.h */ = {isa = PBXFileReference; fileEncoding = 4; lastKnownFileType = sourcecode.c.h; path = RoomCellView.h; sourceTree = "<group>"; };
		DA96F0F311EE525500B64D3D /* RoomCellView.m */ = {isa = PBXFileReference; fileEncoding = 4; lastKnownFileType = sourcecode.c.objc; path = RoomCellView.m; sourceTree = "<group>"; };
		DA96F0F411EE525500B64D3D /* RoomViewController.h */ = {isa = PBXFileReference; fileEncoding = 4; lastKnownFileType = sourcecode.c.h; path = RoomViewController.h; sourceTree = "<group>"; };
		DA96F0F511EE525500B64D3D /* RoomViewController.m */ = {isa = PBXFileReference; fileEncoding = 4; lastKnownFileType = sourcecode.c.objc; path = RoomViewController.m; sourceTree = "<group>"; };
		DA96F10511EE52DA00B64D3D /* DetailViewController.h */ = {isa = PBXFileReference; fileEncoding = 4; lastKnownFileType = sourcecode.c.h; path = DetailViewController.h; sourceTree = "<group>"; };
		DA96F10611EE52DA00B64D3D /* DetailViewController.m */ = {isa = PBXFileReference; fileEncoding = 4; lastKnownFileType = sourcecode.c.objc; path = DetailViewController.m; sourceTree = "<group>"; };
		DA96F10711EE52DA00B64D3D /* RootViewController.h */ = {isa = PBXFileReference; fileEncoding = 4; lastKnownFileType = sourcecode.c.h; path = RootViewController.h; sourceTree = "<group>"; };
		DA96F10811EE52DA00B64D3D /* RootViewController.m */ = {isa = PBXFileReference; fileEncoding = 4; lastKnownFileType = sourcecode.c.objc; path = RootViewController.m; sourceTree = "<group>"; };
		DA96F10911EE52DA00B64D3D /* SettingsAppDelegate.h */ = {isa = PBXFileReference; fileEncoding = 4; lastKnownFileType = sourcecode.c.h; path = SettingsAppDelegate.h; sourceTree = "<group>"; };
		DA96F10A11EE52DA00B64D3D /* SettingsAppDelegate.m */ = {isa = PBXFileReference; fileEncoding = 4; lastKnownFileType = sourcecode.c.objc; path = SettingsAppDelegate.m; sourceTree = "<group>"; };
/* End PBXFileReference section */

/* Begin PBXFrameworksBuildPhase section */
		1D60588F0D05DD3D006BFB54 /* Frameworks */ = {
			isa = PBXFrameworksBuildPhase;
			buildActionMask = 2147483647;
			files = (
				1D60589F0D05DD5A006BFB54 /* Foundation.framework in Frameworks */,
				1DF5F4E00D08C38300B7A737 /* UIKit.framework in Frameworks */,
				288765A50DF7441C002DB57D /* CoreGraphics.framework in Frameworks */,
				3AC2C22311A5B72A0071F912 /* SystemConfiguration.framework in Frameworks */,
				3AC2C22711A5B73D0071F912 /* MobileCoreServices.framework in Frameworks */,
				3AC2C22B11A5B7520071F912 /* libz.1.2.3.dylib in Frameworks */,
				3AC2C25A11A5BA500071F912 /* CFNetwork.framework in Frameworks */,
				3A95E0631264B92700518580 /* QuartzCore.framework in Frameworks */,
			);
			runOnlyForDeploymentPostprocessing = 0;
		};
/* End PBXFrameworksBuildPhase section */

/* Begin PBXGroup section */
		080E96DDFE201D6D7F000001 /* Classes */ = {
			isa = PBXGroup;
			children = (
				3A2A6A3211EE5CD600FF373C /* Model */,
				3AC2BD7B11A33DDE0071F912 /* JSON */,
				3AC2C20411A5B62C0071F912 /* ASIHTTPRequest */,
				1D3623240D0F684500981E51 /* TinCanAppDelegate.h */,
				1D3623250D0F684500981E51 /* TinCanAppDelegate.m */,
				3A57237611EBDE0B004C2687 /* TinCanViewController.h */,
				3A57237711EBDE0B004C2687 /* TinCanViewController.m */,
				3AD2D2F91296F99200C31515 /* Server Select */,
				DA96F10311EE526D00B64D3D /* Login */,
				DA96F10411EE528900B64D3D /* Settings */,
				DA96EFF811EE51E500B64D3D /* Meeting */,
				3A2A6B8B11F0B15600FF373C /* tincan.h */,
			);
			path = Classes;
			sourceTree = "<group>";
		};
		19C28FACFE9D520D11CA2CBB /* Products */ = {
			isa = PBXGroup;
			children = (
				1D6058910D05DD3D006BFB54 /* TinCan.app */,
			);
			name = Products;
			sourceTree = "<group>";
		};
		29B97314FDCFA39411CA2CEA /* CustomTemplate */ = {
			isa = PBXGroup;
			children = (
				080E96DDFE201D6D7F000001 /* Classes */,
				29B97315FDCFA39411CA2CEA /* Other Sources */,
				29B97317FDCFA39411CA2CEA /* Resources */,
				29B97323FDCFA39411CA2CEA /* Frameworks */,
				19C28FACFE9D520D11CA2CBB /* Products */,
				3AC2C22211A5B72A0071F912 /* SystemConfiguration.framework */,
				3AC2C22611A5B73D0071F912 /* MobileCoreServices.framework */,
				3AC2C22A11A5B7520071F912 /* libz.1.2.3.dylib */,
				3AC2C25911A5BA500071F912 /* CFNetwork.framework */,
				3A95E0621264B92700518580 /* QuartzCore.framework */,
			);
			name = CustomTemplate;
			sourceTree = "<group>";
		};
		29B97315FDCFA39411CA2CEA /* Other Sources */ = {
			isa = PBXGroup;
			children = (
				3A434A73131842B2008C803C /* UIApplication+ScreenMirroring.h */,
				3A434A74131842B2008C803C /* UIApplication+ScreenMirroring.m */,
				3AC2B9D21198BB120071F912 /* UIColor+Util.h */,
				3AC2B9D31198BB120071F912 /* UIColor+Util.m */,
				32CA4F630368D1EE00C91783 /* TinCan_Prefix.pch */,
				29B97316FDCFA39411CA2CEA /* main.m */,
				3AD2D0971294798700C31515 /* NSString+Util.h */,
				3AD2D0981294798700C31515 /* NSString+Util.m */,
				3AD6A1BC131D94BA00802D2D /* UIView+Rounded.h */,
				3AD6A1BD131D94BA00802D2D /* UIView+Rounded.m */,
			);
			name = "Other Sources";
			sourceTree = "<group>";
		};
		29B97317FDCFA39411CA2CEA /* Resources */ = {
			isa = PBXGroup;
			children = (
				3AD2CFC912931B0000C31515 /* error.png */,
				3AD2CFAE1293198400C31515 /* note_add.png */,
				3AD2CFAF1293198400C31515 /* note_go.png */,
				3AD2CFB01293198400C31515 /* time_add.png */,
				3AD2CFB11293198400C31515 /* time_go.png */,
				3AD2CFB21293198400C31515 /* user_add.png */,
				3AD2CFB31293198400C31515 /* user_delete.png */,
				3AA2DDE21261178800235573 /* full_logo.png */,
				3AA06D1311AAD1C500C3D279 /* Icon.png */,
				2899E5210DE3E06400AC0155 /* TinCanViewController.xib */,
				28AD733E0D9D9553002E5188 /* MainWindow.xib */,
				8D1107310486CEB800E47090 /* TinCan-Info.plist */,
			);
			name = Resources;
			sourceTree = "<group>";
		};
		29B97323FDCFA39411CA2CEA /* Frameworks */ = {
			isa = PBXGroup;
			children = (
				1DF5F4DF0D08C38300B7A737 /* UIKit.framework */,
				1D30AB110D05D00D00671497 /* Foundation.framework */,
				288765A40DF7441C002DB57D /* CoreGraphics.framework */,
			);
			name = Frameworks;
			sourceTree = "<group>";
		};
		3A1260EA12AD3C34005D05FA /* Type Views */ = {
			isa = PBXGroup;
			children = (
				DA7FD2781208A127007A9217 /* TaskView.h */,
				DA7FD2791208A127007A9217 /* TaskView.m */,
				DA707CCB1212F9C40057B509 /* TopicView.h */,
				DA707CCC1212F9C40057B509 /* TopicView.m */,
				DA72601D1215A116008A0E0C /* LocationView.h */,
				DA72601E1215A116008A0E0C /* LocationView.m */,
				3A0B2C2D127B6AC7002C08A1 /* EventView.h */,
				3A0B2C2C127B6AC7002C08A1 /* EventView.m */,
				3AD66C4B120B0CBE00F974DA /* UserView.h */,
				3AD66C4C120B0CBE00F974DA /* UserView.m */,
				3AD66E59120B80C000F974DA /* UserRenderView.h */,
				3AD66E5A120B80C000F974DA /* UserRenderView.m */,
				3AD2D0BA1294830A00C31515 /* CurrentTopicView.h */,
				3AD2D0BB1294830A00C31515 /* CurrentTopicView.m */,
				3AD6A070131C55C900802D2D /* TrashView.h */,
				3AD6A071131C55C900802D2D /* TrashView.m */,
			);
			name = "Type Views";
			sourceTree = "<group>";
		};
		3A1260EB12AD3C4E005D05FA /* Containers */ = {
			isa = PBXGroup;
			children = (
				DA707CCE1212F9EB0057B509 /* TopicContainerView.h */,
				DA707CCF1212F9EB0057B509 /* TopicContainerView.m */,
				3AD2D1681295B09200C31515 /* TopicContainerContentView.h */,
				3AD2D1691295B09200C31515 /* TopicContainerContentView.m */,
				DA7FD3DF1209E424007A9217 /* TaskContainerView.h */,
				DA7FD3E01209E424007A9217 /* TaskContainerView.m */,
				3A434BFE131890A2008C803C /* TaskContainerContentView.h */,
				3A434BFF131890A2008C803C /* TaskContainerContentView.m */,
				3A0B2C25127B5A69002C08A1 /* TimelineContainerView.h */,
				3A0B2C26127B5A69002C08A1 /* TimelineContainerView.m */,
				3AD2D2601295D21500C31515 /* EventContainerContentView.h */,
				3AD2D2611295D21500C31515 /* EventContainerContentView.m */,
			);
			name = Containers;
			sourceTree = "<group>";
		};
		3A12613612AD4A63005D05FA /* Popovers */ = {
			isa = PBXGroup;
			children = (
				3A12614612ADA1DC005D05FA /* AddItemController.h */,
				3A12614712ADA1DC005D05FA /* AddItemController.m */,
			);
			name = Popovers;
			sourceTree = "<group>";
		};
		3A2A6A3211EE5CD600FF373C /* Model */ = {
			isa = PBXGroup;
			children = (
				3A2A6A3A11EE5ED300FF373C /* SynchronizedObject.h */,
				3A2A6A3B11EE5ED300FF373C /* SynchronizedObject.m */,
				3A2A6A3D11EE696000FF373C /* StateManager.h */,
				3A2A6A3E11EE696000FF373C /* StateManager.m */,
				3A2A6A5811EE73F800FF373C /* User.h */,
				3A2A6A5911EE73F800FF373C /* User.m */,
				3A2A6A5B11EE74A500FF373C /* Actor.h */,
				3A2A6A5C11EE74A500FF373C /* Actor.m */,
				3A2A6AAA11EF65C400FF373C /* Location.h */,
				3A2A6AAB11EF65C400FF373C /* Location.m */,
				3A2A6AC611EFDAF500FF373C /* Meeting.h */,
				3A2A6AC711EFDAF500FF373C /* Meeting.m */,
				3A2A6AC911EFDB0E00FF373C /* Room.h */,
				3A2A6ACA11EFDB0E00FF373C /* Room.m */,
				3A2A6C7A11F0D86500FF373C /* ConnectionManager.h */,
				3A2A6C7B11F0D86500FF373C /* ConnectionManager.m */,
				3A2A6C9611F0F68300FF373C /* Event.h */,
				3A2A6C9711F0F68300FF373C /* Event.m */,
				3AC6BB581200D4610002FD52 /* Topic.h */,
				3AC6BB591200D4610002FD52 /* Topic.m */,
				3AC6BB5D1200D6050002FD52 /* BaseMeetingObject.h */,
				3AC6BB5E1200D6050002FD52 /* BaseMeetingObject.m */,
				3AC6BB7A1200F0280002FD52 /* Task.h */,
				3AC6BB7B1200F0280002FD52 /* Task.m */,
			);
			name = Model;
			sourceTree = "<group>";
		};
		3AC2BD7B11A33DDE0071F912 /* JSON */ = {
			isa = PBXGroup;
			children = (
				3AC2BD7C11A33DDE0071F912 /* JSON.h */,
				3AC2BD7D11A33DDE0071F912 /* NSObject+SBJSON.h */,
				3AC2BD7E11A33DDE0071F912 /* NSObject+SBJSON.m */,
				3AC2BD7F11A33DDE0071F912 /* NSString+SBJSON.h */,
				3AC2BD8011A33DDE0071F912 /* NSString+SBJSON.m */,
				3AC2BD8111A33DDE0071F912 /* SBJSON.h */,
				3AC2BD8211A33DDE0071F912 /* SBJSON.m */,
				3AC2BD8311A33DDE0071F912 /* SBJsonBase.h */,
				3AC2BD8411A33DDE0071F912 /* SBJsonBase.m */,
				3AC2BD8511A33DDE0071F912 /* SBJsonParser.h */,
				3AC2BD8611A33DDE0071F912 /* SBJsonParser.m */,
				3AC2BD8711A33DDE0071F912 /* SBJsonWriter.h */,
				3AC2BD8811A33DDE0071F912 /* SBJsonWriter.m */,
			);
			path = JSON;
			sourceTree = "<group>";
		};
		3AC2C20411A5B62C0071F912 /* ASIHTTPRequest */ = {
			isa = PBXGroup;
			children = (
				3AC2C23711A5B9890071F912 /* Reachability.h */,
				3AC2C23811A5B9890071F912 /* Reachability.m */,
				3AC2C20511A5B62C0071F912 /* ASIAuthenticationDialog.h */,
				3AC2C20611A5B62C0071F912 /* ASIAuthenticationDialog.m */,
				3AC2C20711A5B62C0071F912 /* ASIFormDataRequest.h */,
				3AC2C20811A5B62C0071F912 /* ASIFormDataRequest.m */,
				3AC2C20911A5B62C0071F912 /* ASIHTTPRequest.h */,
				3AC2C20A11A5B62C0071F912 /* ASIHTTPRequest.m */,
				3AC2C20B11A5B62C0071F912 /* ASIHTTPRequestConfig.h */,
				3AC2C20C11A5B62C0071F912 /* ASIHTTPRequestDelegate.h */,
				3AC2C20D11A5B62C0071F912 /* ASIInputStream.h */,
				3AC2C20E11A5B62C0071F912 /* ASIInputStream.m */,
				3AC2C20F11A5B62C0071F912 /* ASINetworkQueue.h */,
				3AC2C21011A5B62C0071F912 /* ASINetworkQueue.m */,
				3AC2C21111A5B62C0071F912 /* ASINSStringAdditions.h */,
				3AC2C21211A5B62C0071F912 /* ASINSStringAdditions.m */,
				3AC2C21311A5B62C0071F912 /* ASIProgressDelegate.h */,
			);
			path = ASIHTTPRequest;
			sourceTree = "<group>";
		};
		3AD2D2F91296F99200C31515 /* Server Select */ = {
			isa = PBXGroup;
			children = (
				3AD2D2FA1296F9AF00C31515 /* ServerSelectViewController.h */,
				3AD2D2FB1296F9AF00C31515 /* ServerSelectViewController.m */,
			);
			name = "Server Select";
			sourceTree = "<group>";
		};
		DA96EFF811EE51E500B64D3D /* Meeting */ = {
			isa = PBXGroup;
			children = (
				3A57217D11EB7515004C2687 /* MeetingViewController.h */,
				3A57217E11EB7515004C2687 /* MeetingViewController.m */,
				3A4941B6124D209B0068C6D6 /* DragManager.h */,
				3A4941B7124D209B0068C6D6 /* DragManager.m */,
				3AB0BC3611A5D73C003A91EB /* MeetingTimerView.h */,
				3AB0BC3711A5D73C003A91EB /* MeetingTimerView.m */,
				3AE11A3D1253A49700A91BC8 /* TaskDropTarget.h */,
				3A82D447126F9CD5007AFA3D /* LocationBorderView.h */,
				3A82D448126F9CD5007AFA3D /* LocationBorderView.m */,
				3A12613612AD4A63005D05FA /* Popovers */,
				3A1260EB12AD3C4E005D05FA /* Containers */,
				3A1260EA12AD3C34005D05FA /* Type Views */,
			);
			name = Meeting;
			sourceTree = "<group>";
		};
		DA96F10311EE526D00B64D3D /* Login */ = {
			isa = PBXGroup;
			children = (
				DA7FD24812086F74007A9217 /* WebViewController.h */,
				DA7FD24912086F74007A9217 /* WebViewController.m */,
				DA96F0E211EE525500B64D3D /* HeaderView.h */,
				DA96F0E311EE525500B64D3D /* HeaderView.m */,
				DA96F0E411EE525500B64D3D /* UserCell.h */,
				DA96F0E511EE525500B64D3D /* UserCell.m */,
				DA96F0E611EE525500B64D3D /* UserCellView.h */,
				DA96F0E711EE525500B64D3D /* UserCellView.m */,
				DA96F0E811EE525500B64D3D /* UserViewController.h */,
				DA96F0E911EE525500B64D3D /* UserViewController.m */,
				DA96F0EA11EE525500B64D3D /* LoginAppDelegate.h */,
				DA96F0EB11EE525500B64D3D /* LoginAppDelegate.m */,
				DA96F0EC11EE525500B64D3D /* LoginMasterViewController.h */,
				DA96F0ED11EE525500B64D3D /* LoginMasterViewController.m */,
				DA96F0EE11EE525500B64D3D /* LogoView.h */,
				DA96F0EF11EE525500B64D3D /* LogoView.m */,
				DA96F0F011EE525500B64D3D /* RoomCell.h */,
				DA96F0F111EE525500B64D3D /* RoomCell.m */,
				DA96F0F211EE525500B64D3D /* RoomCellView.h */,
				DA96F0F311EE525500B64D3D /* RoomCellView.m */,
				DA96F0F411EE525500B64D3D /* RoomViewController.h */,
				DA96F0F511EE525500B64D3D /* RoomViewController.m */,
				DA767ACA11F78D9D00184827 /* TimerBar.h */,
				DA767ACB11F78D9D00184827 /* TimerBar.m */,
			);
			name = Login;
			sourceTree = "<group>";
		};
		DA96F10411EE528900B64D3D /* Settings */ = {
			isa = PBXGroup;
			children = (
				DA96F10511EE52DA00B64D3D /* DetailViewController.h */,
				DA96F10611EE52DA00B64D3D /* DetailViewController.m */,
				DA96F10711EE52DA00B64D3D /* RootViewController.h */,
				DA96F10811EE52DA00B64D3D /* RootViewController.m */,
				DA96F10911EE52DA00B64D3D /* SettingsAppDelegate.h */,
				DA96F10A11EE52DA00B64D3D /* SettingsAppDelegate.m */,
			);
			name = Settings;
			sourceTree = "<group>";
		};
/* End PBXGroup section */

/* Begin PBXNativeTarget section */
		1D6058900D05DD3D006BFB54 /* TinCan */ = {
			isa = PBXNativeTarget;
			buildConfigurationList = 1D6058960D05DD3E006BFB54 /* Build configuration list for PBXNativeTarget "TinCan" */;
			buildPhases = (
				1D60588D0D05DD3D006BFB54 /* Resources */,
				1D60588E0D05DD3D006BFB54 /* Sources */,
				1D60588F0D05DD3D006BFB54 /* Frameworks */,
			);
			buildRules = (
			);
			dependencies = (
			);
			name = TinCan;
			productName = TinCan;
			productReference = 1D6058910D05DD3D006BFB54 /* TinCan.app */;
			productType = "com.apple.product-type.application";
		};
/* End PBXNativeTarget section */

/* Begin PBXProject section */
		29B97313FDCFA39411CA2CEA /* Project object */ = {
			isa = PBXProject;
			buildConfigurationList = C01FCF4E08A954540054247B /* Build configuration list for PBXProject "TinCan" */;
			compatibilityVersion = "Xcode 3.2";
			developmentRegion = English;
			hasScannedForEncodings = 1;
			knownRegions = (
				English,
				Japanese,
				French,
				German,
			);
			mainGroup = 29B97314FDCFA39411CA2CEA /* CustomTemplate */;
			projectDirPath = "";
			projectRoot = "";
			targets = (
				1D6058900D05DD3D006BFB54 /* TinCan */,
			);
		};
/* End PBXProject section */

/* Begin PBXResourcesBuildPhase section */
		1D60588D0D05DD3D006BFB54 /* Resources */ = {
			isa = PBXResourcesBuildPhase;
			buildActionMask = 2147483647;
			files = (
				28AD733F0D9D9553002E5188 /* MainWindow.xib in Resources */,
				2899E5220DE3E06400AC0155 /* TinCanViewController.xib in Resources */,
				3AA06D1411AAD1C500C3D279 /* Icon.png in Resources */,
				3AA2DDE31261178800235573 /* full_logo.png in Resources */,
				3AD2CFB41293198400C31515 /* note_add.png in Resources */,
				3AD2CFB51293198400C31515 /* note_go.png in Resources */,
				3AD2CFB61293198400C31515 /* time_add.png in Resources */,
				3AD2CFB71293198400C31515 /* time_go.png in Resources */,
				3AD2CFB81293198400C31515 /* user_add.png in Resources */,
				3AD2CFB91293198400C31515 /* user_delete.png in Resources */,
				3AD2CFCA12931B0000C31515 /* error.png in Resources */,
			);
			runOnlyForDeploymentPostprocessing = 0;
		};
/* End PBXResourcesBuildPhase section */

/* Begin PBXSourcesBuildPhase section */
		1D60588E0D05DD3D006BFB54 /* Sources */ = {
			isa = PBXSourcesBuildPhase;
			buildActionMask = 2147483647;
			files = (
				1D60589B0D05DD56006BFB54 /* main.m in Sources */,
				1D3623260D0F684500981E51 /* TinCanAppDelegate.m in Sources */,
				3AC2B9D41198BB120071F912 /* UIColor+Util.m in Sources */,
				3AC2BD8911A33DDE0071F912 /* NSObject+SBJSON.m in Sources */,
				3AC2BD8A11A33DDE0071F912 /* NSString+SBJSON.m in Sources */,
				3AC2BD8B11A33DDE0071F912 /* SBJSON.m in Sources */,
				3AC2BD8C11A33DDE0071F912 /* SBJsonBase.m in Sources */,
				3AC2BD8D11A33DDE0071F912 /* SBJsonParser.m in Sources */,
				3AC2BD8E11A33DDE0071F912 /* SBJsonWriter.m in Sources */,
				3AC2C21411A5B62C0071F912 /* ASIAuthenticationDialog.m in Sources */,
				3AC2C21511A5B62C0071F912 /* ASIFormDataRequest.m in Sources */,
				3AC2C21611A5B62C0071F912 /* ASIHTTPRequest.m in Sources */,
				3AC2C21711A5B62C0071F912 /* ASIInputStream.m in Sources */,
				3AC2C21811A5B62C0071F912 /* ASINetworkQueue.m in Sources */,
				3AC2C21911A5B62C0071F912 /* ASINSStringAdditions.m in Sources */,
				3AC2C23911A5B9890071F912 /* Reachability.m in Sources */,
				3AB0BC3811A5D73C003A91EB /* MeetingTimerView.m in Sources */,
				3A57217F11EB7515004C2687 /* MeetingViewController.m in Sources */,
				3A57237811EBDE0B004C2687 /* TinCanViewController.m in Sources */,
				DA96F0F811EE525500B64D3D /* HeaderView.m in Sources */,
				DA96F0F911EE525500B64D3D /* UserCell.m in Sources */,
				DA96F0FA11EE525500B64D3D /* UserCellView.m in Sources */,
				DA96F0FB11EE525500B64D3D /* UserViewController.m in Sources */,
				DA96F0FC11EE525500B64D3D /* LoginAppDelegate.m in Sources */,
				DA96F0FD11EE525500B64D3D /* LoginMasterViewController.m in Sources */,
				DA96F0FE11EE525500B64D3D /* LogoView.m in Sources */,
				DA96F0FF11EE525500B64D3D /* RoomCell.m in Sources */,
				DA96F10011EE525500B64D3D /* RoomCellView.m in Sources */,
				DA96F10111EE525500B64D3D /* RoomViewController.m in Sources */,
				DA96F10B11EE52DA00B64D3D /* DetailViewController.m in Sources */,
				DA96F10C11EE52DA00B64D3D /* RootViewController.m in Sources */,
				DA96F10D11EE52DA00B64D3D /* SettingsAppDelegate.m in Sources */,
				3A2A6A3C11EE5ED300FF373C /* SynchronizedObject.m in Sources */,
				3A2A6A3F11EE696000FF373C /* StateManager.m in Sources */,
				3A2A6A5A11EE73F800FF373C /* User.m in Sources */,
				3A2A6A5D11EE74A500FF373C /* Actor.m in Sources */,
				3A2A6AAC11EF65C400FF373C /* Location.m in Sources */,
				3A2A6AC811EFDAF500FF373C /* Meeting.m in Sources */,
				3A2A6ACB11EFDB0E00FF373C /* Room.m in Sources */,
				3A2A6C7C11F0D86500FF373C /* ConnectionManager.m in Sources */,
				3A2A6C9811F0F68300FF373C /* Event.m in Sources */,
				DA767ACC11F78D9D00184827 /* TimerBar.m in Sources */,
				3AC6BB5A1200D4610002FD52 /* Topic.m in Sources */,
				3AC6BB5F1200D6050002FD52 /* BaseMeetingObject.m in Sources */,
				3AC6BB7C1200F0280002FD52 /* Task.m in Sources */,
				DA7FD24A12086F74007A9217 /* WebViewController.m in Sources */,
				DA7FD27A1208A127007A9217 /* TaskView.m in Sources */,
				DA7FD3E11209E424007A9217 /* TaskContainerView.m in Sources */,
				3AD66C4D120B0CBE00F974DA /* UserView.m in Sources */,
				3AD66E5B120B80C000F974DA /* UserRenderView.m in Sources */,
				DA707CCD1212F9C40057B509 /* TopicView.m in Sources */,
				DA707CD01212F9EB0057B509 /* TopicContainerView.m in Sources */,
				DA72601F1215A116008A0E0C /* LocationView.m in Sources */,
				3A4941B8124D209B0068C6D6 /* DragManager.m in Sources */,
				3A82D449126F9CD5007AFA3D /* LocationBorderView.m in Sources */,
				3A0B2C27127B5A69002C08A1 /* TimelineContainerView.m in Sources */,
				3A0B2C2E127B6AC7002C08A1 /* EventView.m in Sources */,
				3AD2D0991294798700C31515 /* NSString+Util.m in Sources */,
				3AD2D0BC1294830A00C31515 /* CurrentTopicView.m in Sources */,
				3AD2D16A1295B09200C31515 /* TopicContainerContentView.m in Sources */,
				3AD2D2621295D21500C31515 /* EventContainerContentView.m in Sources */,
				3AD2D2FC1296F9AF00C31515 /* ServerSelectViewController.m in Sources */,
				3A12614812ADA1DC005D05FA /* AddItemController.m in Sources */,
				3A434A75131842B2008C803C /* UIApplication+ScreenMirroring.m in Sources */,
				3A434C00131890A2008C803C /* TaskContainerContentView.m in Sources */,
				3AD6A072131C55C900802D2D /* TrashView.m in Sources */,
				3AD6A1BE131D94BA00802D2D /* UIView+Rounded.m in Sources */,
			);
			runOnlyForDeploymentPostprocessing = 0;
		};
/* End PBXSourcesBuildPhase section */

/* Begin XCBuildConfiguration section */
		1D6058940D05DD3E006BFB54 /* Debug */ = {
			isa = XCBuildConfiguration;
			buildSettings = {
				ALWAYS_SEARCH_USER_PATHS = NO;
				ARCHS = "$(ARCHS_UNIVERSAL_IPHONE_OS)";
				COPY_PHASE_STRIP = NO;
				CURRENT_PROJECT_VERSION = 6;
				GCC_DYNAMIC_NO_PIC = NO;
				GCC_OPTIMIZATION_LEVEL = 0;
				GCC_PRECOMPILE_PREFIX_HEADER = YES;
				GCC_PREFIX_HEADER = TinCan_Prefix.pch;
				INFOPLIST_FILE = "TinCan-Info.plist";
				IPHONEOS_DEPLOYMENT_TARGET = 4.2;
				PRODUCT_NAME = TinCan;
				VALID_ARCHS = armv7;
				VERSIONING_SYSTEM = "apple-generic";
			};
			name = Debug;
		};
		1D6058950D05DD3E006BFB54 /* Release */ = {
			isa = XCBuildConfiguration;
			buildSettings = {
				ALWAYS_SEARCH_USER_PATHS = NO;
				COPY_PHASE_STRIP = YES;
				CURRENT_PROJECT_VERSION = 6;
				GCC_PRECOMPILE_PREFIX_HEADER = YES;
				GCC_PREFIX_HEADER = TinCan_Prefix.pch;
				INFOPLIST_FILE = "TinCan-Info.plist";
				IPHONEOS_DEPLOYMENT_TARGET = 4.2;
				PRODUCT_NAME = TinCan;
				VALIDATE_PRODUCT = YES;
				VALID_ARCHS = armv7;
				VERSIONING_SYSTEM = "apple-generic";
			};
			name = Release;
		};
		3A58FB3E13130D2F008D7AE4 /* Ad Hoc */ = {
			isa = XCBuildConfiguration;
			buildSettings = {
				ARCHS = "$(ARCHS_UNIVERSAL_IPHONE_OS)";
				"ARCHS[sdk=iphoneos*]" = armv7;
				"ARCHS[sdk=iphonesimulator*]" = i386;
				"CODE_SIGN_IDENTITY[sdk=iphoneos*]" = "iPhone Distribution: Drew Harry";
				GCC_C_LANGUAGE_STANDARD = c99;
				GCC_WARN_ABOUT_RETURN_TYPE = YES;
				GCC_WARN_UNUSED_VARIABLE = YES;
				IPHONEOS_DEPLOYMENT_TARGET = 4.2;
				ONLY_ACTIVE_ARCH = YES;
				OTHER_CFLAGS = "-DNS_BLOCK_ASSERTIONS=1";
				PREBINDING = NO;
				"PROVISIONING_PROFILE[sdk=iphoneos*]" = "8290A1A5-C7F9-42F4-9572-ABD28164CFD9";
				SDKROOT = iphoneos;
				TARGETED_DEVICE_FAMILY = 2;
				VALID_ARCHS = armv7;
				VERSIONING_SYSTEM = "apple-generic";
			};
			name = "Ad Hoc";
		};
		3A58FB3F13130D2F008D7AE4 /* Ad Hoc */ = {
			isa = XCBuildConfiguration;
			buildSettings = {
				ALWAYS_SEARCH_USER_PATHS = NO;
				"CODE_SIGN_IDENTITY[sdk=iphoneos*]" = "iPhone Distribution: Drew Harry";
				COPY_PHASE_STRIP = YES;
				CURRENT_PROJECT_VERSION = 6;
				GCC_PRECOMPILE_PREFIX_HEADER = YES;
				GCC_PREFIX_HEADER = TinCan_Prefix.pch;
				INFOPLIST_FILE = "TinCan-Info.plist";
				IPHONEOS_DEPLOYMENT_TARGET = 4.2;
				PRODUCT_NAME = TinCan;
				"PROVISIONING_PROFILE[sdk=iphoneos*]" = "8290A1A5-C7F9-42F4-9572-ABD28164CFD9";
				VALIDATE_PRODUCT = YES;
				VALID_ARCHS = armv7;
				VERSIONING_SYSTEM = "apple-generic";
			};
			name = "Ad Hoc";
		};
		C01FCF4F08A954540054247B /* Debug */ = {
			isa = XCBuildConfiguration;
			buildSettings = {
				ARCHS = "$(ARCHS_UNIVERSAL_IPHONE_OS)";
				"ARCHS[sdk=iphoneos*]" = armv7;
				"ARCHS[sdk=iphonesimulator*]" = i386;
				"CODE_SIGN_IDENTITY[sdk=iphoneos*]" = "iPhone Developer: Drew Harry (AXGEP8EVJ3)";
				GCC_C_LANGUAGE_STANDARD = c99;
				GCC_WARN_ABOUT_RETURN_TYPE = YES;
				GCC_WARN_UNUSED_VARIABLE = YES;
				IPHONEOS_DEPLOYMENT_TARGET = 4.2;
				ONLY_ACTIVE_ARCH = NO;
				PREBINDING = NO;
				"PROVISIONING_PROFILE[sdk=iphoneos*]" = "30E6166E-BB4C-4B67-A0F8-1085F83716E6";
				SDKROOT = iphoneos;
				TARGETED_DEVICE_FAMILY = 2;
				VALID_ARCHS = armv7;
				VERSIONING_SYSTEM = "apple-generic";
			};
			name = Debug;
		};
		C01FCF5008A954540054247B /* Release */ = {
			isa = XCBuildConfiguration;
			buildSettings = {
				ARCHS = "$(ARCHS_UNIVERSAL_IPHONE_OS)";
				"ARCHS[sdk=iphoneos*]" = armv7;
				"ARCHS[sdk=iphonesimulator*]" = i386;
				"CODE_SIGN_IDENTITY[sdk=iphoneos*]" = "iPhone Developer";
				GCC_C_LANGUAGE_STANDARD = c99;
				GCC_WARN_ABOUT_RETURN_TYPE = YES;
				GCC_WARN_UNUSED_VARIABLE = YES;
				IPHONEOS_DEPLOYMENT_TARGET = 4.2;
				ONLY_ACTIVE_ARCH = YES;
				OTHER_CFLAGS = "-DNS_BLOCK_ASSERTIONS=1";
				PREBINDING = NO;
				SDKROOT = iphoneos;
				TARGETED_DEVICE_FAMILY = 2;
				VALID_ARCHS = armv7;
				VERSIONING_SYSTEM = "apple-generic";
			};
			name = Release;
		};
/* End XCBuildConfiguration section */

/* Begin XCConfigurationList section */
		1D6058960D05DD3E006BFB54 /* Build configuration list for PBXNativeTarget "TinCan" */ = {
			isa = XCConfigurationList;
			buildConfigurations = (
				1D6058940D05DD3E006BFB54 /* Debug */,
				1D6058950D05DD3E006BFB54 /* Release */,
				3A58FB3F13130D2F008D7AE4 /* Ad Hoc */,
			);
			defaultConfigurationIsVisible = 0;
			defaultConfigurationName = Release;
		};
		C01FCF4E08A954540054247B /* Build configuration list for PBXProject "TinCan" */ = {
			isa = XCConfigurationList;
			buildConfigurations = (
				C01FCF4F08A954540054247B /* Debug */,
				C01FCF5008A954540054247B /* Release */,
				3A58FB3E13130D2F008D7AE4 /* Ad Hoc */,
			);
			defaultConfigurationIsVisible = 0;
			defaultConfigurationName = Release;
		};
/* End XCConfigurationList section */
	};
	rootObject = 29B97313FDCFA39411CA2CEA /* Project object */;
}
